# THIS IS AN AUTOGENERATED FILE. DO NOT EDIT THIS FILE DIRECTLY.
# yarn lockfile v1


"@babel/runtime@^7.18.9":
  version "7.18.9"
  resolved "https://registry.yarnpkg.com/@babel/runtime/-/runtime-7.18.9.tgz#b4fcfce55db3d2e5e080d2490f608a3b9f407f4a"
  integrity sha512-lkqXDcvlFT5rvEjiu6+QYO+1GXrEHRo2LOtS7E4GtX5ESIZOgepqsZBVIj6Pv+a6zqsya9VCgiK1KAK4BvJDAw==
  dependencies:
    regenerator-runtime "^0.13.4"

"@cspotcode/source-map-consumer@0.8.0":
  version "0.8.0"
  resolved "https://registry.yarnpkg.com/@cspotcode/source-map-consumer/-/source-map-consumer-0.8.0.tgz#33bf4b7b39c178821606f669bbc447a6a629786b"
  integrity sha512-41qniHzTU8yAGbCp04ohlmSrZf8bkf/iJsl3V0dRGsQN/5GFfx+LbCSsCpp2gqrqjTVg/K6O8ycoV35JIwAzAg==

"@cspotcode/source-map-support@0.7.0":
  version "0.7.0"
  resolved "https://registry.yarnpkg.com/@cspotcode/source-map-support/-/source-map-support-0.7.0.tgz#4789840aa859e46d2f3173727ab707c66bf344f5"
  integrity sha512-X4xqRHqN8ACt2aHVe51OxeA2HjbcL4MqFqXkrmQszJ1NOUuUu5u6Vqx/0lZSVNku7velL5FC/s5uEAj1lsBMhA==
  dependencies:
    "@cspotcode/source-map-consumer" "0.8.0"

"@noble/hashes@1.1.2":
  version "1.1.2"
  resolved "https://registry.yarnpkg.com/@noble/hashes/-/hashes-1.1.2.tgz#e9e035b9b166ca0af657a7848eb2718f0f22f183"
  integrity sha512-KYRCASVTv6aeUi1tsF8/vpyR7zpfs3FUzy2Jqm+MU+LmUKhQ0y2FpfwqkCcxSg2ua4GALJd8k2R76WxwZGbQpA==

"@noble/secp256k1@1.6.3":
  version "1.6.3"
  resolved "https://registry.yarnpkg.com/@noble/secp256k1/-/secp256k1-1.6.3.tgz#7eed12d9f4404b416999d0c87686836c4c5c9b94"
  integrity sha512-T04e4iTurVy7I8Sw4+c5OSN9/RkPlo1uKxAomtxQNLq8j1uPAqnsqG1bqvY3Jv7c13gyr6dui0zmh/I3+f/JaQ==

"@polkadot/api-augment@9.0.1":
  version "9.0.1"
  resolved "https://registry.yarnpkg.com/@polkadot/api-augment/-/api-augment-9.0.1.tgz#2f7bbe7be51dc83dcf3fb1deb17bdf23850cf389"
  integrity sha512-WAJYH58kXUBHmwAG2mUJPo+yW4CkQwHVsz8qSNtb+qTC1KHUIrrX8f/AltC8yXsw5xWOYUfUBuyJdkzSEJNPwQ==
  dependencies:
    "@babel/runtime" "^7.18.9"
    "@polkadot/api-base" "9.0.1"
    "@polkadot/rpc-augment" "9.0.1"
    "@polkadot/types" "9.0.1"
    "@polkadot/types-augment" "9.0.1"
    "@polkadot/types-codec" "9.0.1"
    "@polkadot/util" "^10.1.2"

"@polkadot/api-base@9.0.1":
  version "9.0.1"
  resolved "https://registry.yarnpkg.com/@polkadot/api-base/-/api-base-9.0.1.tgz#c730560103797bcf5db155a8a35ac73d2290d604"
  integrity sha512-cPBSMQyxD2i8ItueN0TOY/KZf00rhsrO3hxdDT4UHZmnLQdgfxs6iBBk7yEBpchXXVRPxyjaTU0Yb6BCaYrscQ==
  dependencies:
    "@babel/runtime" "^7.18.9"
    "@polkadot/rpc-core" "9.0.1"
    "@polkadot/types" "9.0.1"
    "@polkadot/util" "^10.1.2"
    rxjs "^7.5.6"

"@polkadot/api-derive@9.0.1":
  version "9.0.1"
  resolved "https://registry.yarnpkg.com/@polkadot/api-derive/-/api-derive-9.0.1.tgz#7a9fda743e9dc56da0182cf08a362d4f329b6956"
  integrity sha512-KeuDkZZ9Qz05KEllX6hRkW4zk3YDJpWCMWaK2uw2i7ZdwbiCq11F9rHysNWAfBOYqOKAi4wvg0Ad6V1xNcSalg==
  dependencies:
    "@babel/runtime" "^7.18.9"
    "@polkadot/api" "9.0.1"
    "@polkadot/api-augment" "9.0.1"
    "@polkadot/api-base" "9.0.1"
    "@polkadot/rpc-core" "9.0.1"
    "@polkadot/types" "9.0.1"
    "@polkadot/types-codec" "9.0.1"
    "@polkadot/util" "^10.1.2"
    "@polkadot/util-crypto" "^10.1.2"
    rxjs "^7.5.6"

"@polkadot/api@9.0.1", "@polkadot/api@^9.0.1":
  version "9.0.1"
  resolved "https://registry.yarnpkg.com/@polkadot/api/-/api-9.0.1.tgz#01cf33f9b4e48f37902adf03d6bdcfb55154d6a7"
  integrity sha512-t34FM5Q6WpeQ6yuhOXkUk8uBrcmr1Z3IYHkt7dOBLTVfim0+zIkhCU+fVWo2pOZCmF12993Wkg7QWqgXlh86xA==
  dependencies:
    "@babel/runtime" "^7.18.9"
    "@polkadot/api-augment" "9.0.1"
    "@polkadot/api-base" "9.0.1"
    "@polkadot/api-derive" "9.0.1"
    "@polkadot/keyring" "^10.1.2"
    "@polkadot/rpc-augment" "9.0.1"
    "@polkadot/rpc-core" "9.0.1"
    "@polkadot/rpc-provider" "9.0.1"
    "@polkadot/types" "9.0.1"
    "@polkadot/types-augment" "9.0.1"
    "@polkadot/types-codec" "9.0.1"
    "@polkadot/types-create" "9.0.1"
    "@polkadot/types-known" "9.0.1"
    "@polkadot/util" "^10.1.2"
    "@polkadot/util-crypto" "^10.1.2"
    eventemitter3 "^4.0.7"
    rxjs "^7.5.6"

"@polkadot/keyring@^10.1.2":
  version "10.1.2"
  resolved "https://registry.yarnpkg.com/@polkadot/keyring/-/keyring-10.1.2.tgz#a7e70bd091d2ceb48e7fee005cc3dbe6cf8c8d32"
  integrity sha512-b6hP3JFGYjsNNT3NO7I8fWRPqovgL4IvjvLttkfzpM6eM1zRRupqQ+Q50Jdl/3YUcr26PcxQcdRqJku4WyDABg==
  dependencies:
    "@babel/runtime" "^7.18.9"
    "@polkadot/util" "10.1.2"
    "@polkadot/util-crypto" "10.1.2"

"@polkadot/networks@10.1.2", "@polkadot/networks@^10.1.2":
  version "10.1.2"
  resolved "https://registry.yarnpkg.com/@polkadot/networks/-/networks-10.1.2.tgz#a42c93c5dd1f56b99ca50ec9d4e8076088148086"
  integrity sha512-67ZPqdhLYDGNX1jMEa3+hujh9j30Dr9AdqgdjE8Z3GdWoEVRp9Zda3DXMnDIQlRBQ32pRZty7dFhIq61Bv/whQ==
  dependencies:
    "@babel/runtime" "^7.18.9"
    "@polkadot/util" "10.1.2"
    "@substrate/ss58-registry" "^1.25.0"

"@polkadot/rpc-augment@9.0.1":
  version "9.0.1"
  resolved "https://registry.yarnpkg.com/@polkadot/rpc-augment/-/rpc-augment-9.0.1.tgz#1ad3ead609855d6ddeb278f6d841508dfe2f9ca1"
  integrity sha512-Oe8O65K3zlameCxMHklEj42Xx3oRfk8+6tyhUc4L5DHutDv0jNwiT8CvvDf49nKyZFNjfnD6EOR84ikMzUf/0g==
  dependencies:
    "@babel/runtime" "^7.18.9"
    "@polkadot/rpc-core" "9.0.1"
    "@polkadot/types" "9.0.1"
    "@polkadot/types-codec" "9.0.1"
    "@polkadot/util" "^10.1.2"

"@polkadot/rpc-core@9.0.1":
  version "9.0.1"
  resolved "https://registry.yarnpkg.com/@polkadot/rpc-core/-/rpc-core-9.0.1.tgz#14e67905d7d0e549fa3c9b090e0551303226d2a6"
  integrity sha512-pXuPiPdObpOASNuwl9BpS2jD6K+eLltTwnZjUQkBaNoxgQgQ01YWHHJVDSbRyap1HL886vtR07WHejzMaOgWmg==
  dependencies:
    "@babel/runtime" "^7.18.9"
    "@polkadot/rpc-augment" "9.0.1"
    "@polkadot/rpc-provider" "9.0.1"
    "@polkadot/types" "9.0.1"
    "@polkadot/util" "^10.1.2"
    rxjs "^7.5.6"

"@polkadot/rpc-provider@9.0.1":
  version "9.0.1"
  resolved "https://registry.yarnpkg.com/@polkadot/rpc-provider/-/rpc-provider-9.0.1.tgz#b2f3fd561ad1c61c094441e2aa79294f58b3df76"
  integrity sha512-AiyULOrJoBbH2hEfcKrCKz6Mf3/o+SO3dwL8+MKcehAj4ExaX6alcPgZnYWYz8Xl2cnZ8Kc0T/xg2emu+7gFBA==
  dependencies:
    "@babel/runtime" "^7.18.9"
    "@polkadot/keyring" "^10.1.2"
    "@polkadot/types" "9.0.1"
    "@polkadot/types-support" "9.0.1"
    "@polkadot/util" "^10.1.2"
    "@polkadot/util-crypto" "^10.1.2"
    "@polkadot/x-fetch" "^10.1.2"
    "@polkadot/x-global" "^10.1.2"
    "@polkadot/x-ws" "^10.1.2"
    "@substrate/connect" "0.7.9"
    eventemitter3 "^4.0.7"
    mock-socket "^9.1.5"
    nock "^13.2.9"

"@polkadot/types-augment@9.0.1":
  version "9.0.1"
  resolved "https://registry.yarnpkg.com/@polkadot/types-augment/-/types-augment-9.0.1.tgz#d4bb14284ead28aaeaf69191a8664e08df2d9bab"
  integrity sha512-TqpXzcrPqdKhkxHlN97Ua6P6R6XTuDcrInj1o0hgcLc+SabyIgXw7xmR6PMtrBPkehatdnyeLn5hjwh2MklOCQ==
  dependencies:
    "@babel/runtime" "^7.18.9"
    "@polkadot/types" "9.0.1"
    "@polkadot/types-codec" "9.0.1"
    "@polkadot/util" "^10.1.2"

"@polkadot/types-codec@9.0.1":
  version "9.0.1"
  resolved "https://registry.yarnpkg.com/@polkadot/types-codec/-/types-codec-9.0.1.tgz#bffa8b6d1b7c344c0d49b91391572ba4f70aaa93"
  integrity sha512-14cTwi85Sg+w8j6jDplNzZ7Y+s25G3w10YuwSb8QmKH5RhipLry87mtbO9VxreeBE6hP/Ib6BrkushZOWxFLPQ==
  dependencies:
    "@babel/runtime" "^7.18.9"
    "@polkadot/util" "^10.1.2"
    "@polkadot/x-bigint" "^10.1.2"

"@polkadot/types-create@9.0.1":
  version "9.0.1"
  resolved "https://registry.yarnpkg.com/@polkadot/types-create/-/types-create-9.0.1.tgz#b49cea1635969511c8cf12e00b3b602dcbdd2e18"
  integrity sha512-SjKekEKvNdfpcWkFi4sngZdnunm/LK7Pcvf7uk+dRnGrrW7e7m741yD9O/1848ww60bL5OFzVovS99Gw4lFrxg==
  dependencies:
    "@babel/runtime" "^7.18.9"
    "@polkadot/types-codec" "9.0.1"
    "@polkadot/util" "^10.1.2"

"@polkadot/types-known@9.0.1":
  version "9.0.1"
  resolved "https://registry.yarnpkg.com/@polkadot/types-known/-/types-known-9.0.1.tgz#08efc467c2c4b8d45000df2d20cf3cc3eedff001"
  integrity sha512-NU2cb2ww7Z8PM2n2l/gB04yxj2RduN7bHEXNWRzpJpaOX+yeqKaHGlQ+IOLwGftNLpbit4xycxnJeDjrDkYLAA==
  dependencies:
    "@babel/runtime" "^7.18.9"
    "@polkadot/networks" "^10.1.2"
    "@polkadot/types" "9.0.1"
    "@polkadot/types-codec" "9.0.1"
    "@polkadot/types-create" "9.0.1"
    "@polkadot/util" "^10.1.2"

"@polkadot/types-support@9.0.1":
  version "9.0.1"
  resolved "https://registry.yarnpkg.com/@polkadot/types-support/-/types-support-9.0.1.tgz#08b5ea8f85827cea754f7cb8f09cdf66881ec740"
  integrity sha512-wXGQSdV+wEdvWWhcU6Hd73zpCwqPYEYDqiNRdWcPneLTBg6GHtyLTJkIzeOoZCLR4XZUNeioB9f6ZaxOv1eTVg==
  dependencies:
    "@babel/runtime" "^7.18.9"
    "@polkadot/util" "^10.1.2"

"@polkadot/types@9.0.1":
  version "9.0.1"
  resolved "https://registry.yarnpkg.com/@polkadot/types/-/types-9.0.1.tgz#6213d52b7cd7c762bffbc171bf059e0e2af506f0"
  integrity sha512-CYiUqK6DR0AI5sCB441QRKlab9KtGwyaiFUzy4mrxofmmZrBiYh+RZgTl2Jcl1B5YZmNDvaHHRaZPtqLadhp/w==
  dependencies:
    "@babel/runtime" "^7.18.9"
    "@polkadot/keyring" "^10.1.2"
    "@polkadot/types-augment" "9.0.1"
    "@polkadot/types-codec" "9.0.1"
    "@polkadot/types-create" "9.0.1"
    "@polkadot/util" "^10.1.2"
    "@polkadot/util-crypto" "^10.1.2"
    rxjs "^7.5.6"

"@polkadot/util-crypto@10.1.2", "@polkadot/util-crypto@^10.1.2":
  version "10.1.2"
  resolved "https://registry.yarnpkg.com/@polkadot/util-crypto/-/util-crypto-10.1.2.tgz#60779ad64e79542a06302ae7d9a2515482b563f4"
  integrity sha512-lSgxSLF/XkksL8St3kyw8SCLic0JvyIf8uOezQZYyjSJKT3Gl8gGu9wCAKNAmboU0FgO8cnLO9AcAEkhCHvnyw==
  dependencies:
    "@babel/runtime" "^7.18.9"
    "@noble/hashes" "1.1.2"
    "@noble/secp256k1" "1.6.3"
    "@polkadot/networks" "10.1.2"
    "@polkadot/util" "10.1.2"
    "@polkadot/wasm-crypto" "^6.3.1"
    "@polkadot/x-bigint" "10.1.2"
    "@polkadot/x-randomvalues" "10.1.2"
    "@scure/base" "1.1.1"
    ed2curve "^0.3.0"
    tweetnacl "^1.0.3"

"@polkadot/util@10.1.2", "@polkadot/util@^10.1.2":
  version "10.1.2"
  resolved "https://registry.yarnpkg.com/@polkadot/util/-/util-10.1.2.tgz#2eded0c159c16c4a3c48ff45c4ced05c62fb4660"
  integrity sha512-gYSpJyrrw5gZWgTVu6PJ1PBUzi3GqwmaK6XRgi4deHmQRn9TEXTToGtHmleJWnaTCRW8Vvh5B5RNNV2C/+va4w==
  dependencies:
    "@babel/runtime" "^7.18.9"
    "@polkadot/x-bigint" "10.1.2"
    "@polkadot/x-global" "10.1.2"
    "@polkadot/x-textdecoder" "10.1.2"
    "@polkadot/x-textencoder" "10.1.2"
    "@types/bn.js" "^5.1.0"
    bn.js "^5.2.1"

"@polkadot/wasm-bridge@6.3.1":
  version "6.3.1"
  resolved "https://registry.yarnpkg.com/@polkadot/wasm-bridge/-/wasm-bridge-6.3.1.tgz#439fa78e80947a7cb695443e1f64b25c30bb1487"
  integrity sha512-1TYkHsb9AEFhU9uZj3biEnN2yKQNzdrwSjiTvfCYnt97pnEkKsZI6cku+YPZQv5w/x9CQa5Yua9e2DVVZSivGA==
  dependencies:
    "@babel/runtime" "^7.18.9"

"@polkadot/wasm-crypto-asmjs@6.3.1":
  version "6.3.1"
  resolved "https://registry.yarnpkg.com/@polkadot/wasm-crypto-asmjs/-/wasm-crypto-asmjs-6.3.1.tgz#e8f469c9cf4a7709c8131a96f857291953f3e30a"
  integrity sha512-zbombRfA5v/mUWQQhgg2YwaxhRmxRIrvskw65x+lruax3b6xPBFDs7yplopiJU3r8h2pTgQvX/DUksvqz2TCRQ==
  dependencies:
    "@babel/runtime" "^7.18.9"

"@polkadot/wasm-crypto-init@6.3.1":
  version "6.3.1"
  resolved "https://registry.yarnpkg.com/@polkadot/wasm-crypto-init/-/wasm-crypto-init-6.3.1.tgz#b590220c53c94b9a54d5dc236d0cbe943db76706"
  integrity sha512-9yaUBcu+snwjJLmPPGl3cyGRQ1afyFGm16qzTM0sgG/ZCfUlK4uk8KWZe+sBUKgoxb2oXY7Y4WklKgQI1YBdfw==
  dependencies:
    "@babel/runtime" "^7.18.9"
    "@polkadot/wasm-bridge" "6.3.1"
    "@polkadot/wasm-crypto-asmjs" "6.3.1"
    "@polkadot/wasm-crypto-wasm" "6.3.1"

"@polkadot/wasm-crypto-wasm@6.3.1":
  version "6.3.1"
  resolved "https://registry.yarnpkg.com/@polkadot/wasm-crypto-wasm/-/wasm-crypto-wasm-6.3.1.tgz#67f720e7f9694fef096abe9d60abbac02e032383"
  integrity sha512-idSlzKGVzCfeCMRHsacRvqwojSaTadFxL/Dbls4z1thvfa3U9Ku0d2qVtlwg7Hj+tYWDiuP8Kygs+6bQwfs0XA==
  dependencies:
    "@babel/runtime" "^7.18.9"
    "@polkadot/wasm-util" "6.3.1"

"@polkadot/wasm-crypto@^6.3.1":
  version "6.3.1"
  resolved "https://registry.yarnpkg.com/@polkadot/wasm-crypto/-/wasm-crypto-6.3.1.tgz#63f5798aca2b2ff0696f190e6862d9781d8f280c"
  integrity sha512-OO8h0qeVkqp4xYZaRVl4iuWOEtq282pNBHDKb6SOJuI2g59eWGcKh4EQU9Me2VP6qzojIqptrkrVt7KQXC68gA==
  dependencies:
    "@babel/runtime" "^7.18.9"
    "@polkadot/wasm-bridge" "6.3.1"
    "@polkadot/wasm-crypto-asmjs" "6.3.1"
    "@polkadot/wasm-crypto-init" "6.3.1"
    "@polkadot/wasm-crypto-wasm" "6.3.1"
    "@polkadot/wasm-util" "6.3.1"

"@polkadot/wasm-util@6.3.1":
  version "6.3.1"
  resolved "https://registry.yarnpkg.com/@polkadot/wasm-util/-/wasm-util-6.3.1.tgz#439ebb68a436317af388ed6438b8f879df3afcda"
  integrity sha512-12oAv5J7Yoc9m6jixrSaQCxpOkWOyzHx3DMC8qmLjRiwdBWxqLmImOVRVnFsbaxqSbhBIHRuJphVxWE+GZETDg==
  dependencies:
    "@babel/runtime" "^7.18.9"

"@polkadot/x-bigint@10.1.2", "@polkadot/x-bigint@^10.1.2":
  version "10.1.2"
  resolved "https://registry.yarnpkg.com/@polkadot/x-bigint/-/x-bigint-10.1.2.tgz#5070af6a3a5aa66eba85597837ce6eb44ad7dc02"
  integrity sha512-TCwv3NjQdfLb7CBYR8EA5t0CrMfYx3IF4hKjctuplL+mDNI0VzNn4qVKW62AjouI8kMbn7VyBPfoBeuYX8Ixrw==
  dependencies:
    "@babel/runtime" "^7.18.9"
    "@polkadot/x-global" "10.1.2"

"@polkadot/x-fetch@^10.1.2":
  version "10.1.2"
  resolved "https://registry.yarnpkg.com/@polkadot/x-fetch/-/x-fetch-10.1.2.tgz#b812d76dd90a52a9ce0466bdc2b31999dfa0bec5"
  integrity sha512-Zd7npq9H/kDaehiM2iyPX1+cSfuhCvqDxuS8GLTjARIVGGURBfA+NjRM6o6jsXa3HCtv+lB67Qdw1m/PSxfIpQ==
  dependencies:
    "@babel/runtime" "^7.18.9"
    "@polkadot/x-global" "10.1.2"
    "@types/node-fetch" "^2.6.2"
    node-fetch "^3.2.9"

"@polkadot/x-global@10.1.2", "@polkadot/x-global@^10.1.2":
  version "10.1.2"
  resolved "https://registry.yarnpkg.com/@polkadot/x-global/-/x-global-10.1.2.tgz#66c2ceb6ef5043bc6bddd5e944f35e64e9d6a0a9"
  integrity sha512-//r3NVLYdYQs0So0IK8Pa0pnL5pPi0geQWE6qjTtPD0oszuN9SUDqDlFQj3I3vqQOwgybbzBGNYRRinP8B2xUg==
  dependencies:
    "@babel/runtime" "^7.18.9"

"@polkadot/x-randomvalues@10.1.2":
  version "10.1.2"
  resolved "https://registry.yarnpkg.com/@polkadot/x-randomvalues/-/x-randomvalues-10.1.2.tgz#8a0f15eb0558f837dd10060ad808707fe8b64c05"
  integrity sha512-KOu6iZWye9KD6qoahiqZ0alrT/5FSGL4XXLhVSg69xAqD6yG2oi2aKA6cZpDU19uZGqVneqsgpebDsrZ0nLUEg==
  dependencies:
    "@babel/runtime" "^7.18.9"
    "@polkadot/x-global" "10.1.2"

"@polkadot/x-textdecoder@10.1.2":
  version "10.1.2"
  resolved "https://registry.yarnpkg.com/@polkadot/x-textdecoder/-/x-textdecoder-10.1.2.tgz#833627fc55b388483857de922b534b70fc349a0a"
  integrity sha512-liMlSSKfLGTvcUPz1fMicH2HoKLgSjzxFYsbNfXJOe9GobQfSrAOcprM0j4gNJqN5EoZhze9Sf1rMTORQwomtg==
  dependencies:
    "@babel/runtime" "^7.18.9"
    "@polkadot/x-global" "10.1.2"

"@polkadot/x-textencoder@10.1.2":
  version "10.1.2"
  resolved "https://registry.yarnpkg.com/@polkadot/x-textencoder/-/x-textencoder-10.1.2.tgz#a728a89d117456749211fcf520ca0e846654df89"
  integrity sha512-bSMvesZ43Er6+jogt9IfwWN/E8bhkl4a9nNnpyS/vTh+j6n/DfDQrvYpKDpRIn7oJA6lfs/mL9Jo5jjJTngaxg==
  dependencies:
    "@babel/runtime" "^7.18.9"
    "@polkadot/x-global" "10.1.2"

"@polkadot/x-ws@^10.1.2":
  version "10.1.2"
  resolved "https://registry.yarnpkg.com/@polkadot/x-ws/-/x-ws-10.1.2.tgz#9c7d597aa0912b1b6b825b1f1ed56c47bf61174c"
  integrity sha512-RQkc6TPM7xOKHMrE3R/8+FdE9fMGJEN7yfK/GixpMGzw98NcVedxJ1xTL19r76hJvOSeZAEks5oqgMxF8K9Pbg==
  dependencies:
    "@babel/runtime" "^7.18.9"
    "@polkadot/x-global" "10.1.2"
    "@types/websocket" "^1.0.5"
    websocket "^1.0.34"

"@scure/base@1.1.1":
  version "1.1.1"
  resolved "https://registry.yarnpkg.com/@scure/base/-/base-1.1.1.tgz#ebb651ee52ff84f420097055f4bf46cfba403938"
  integrity sha512-ZxOhsSyxYwLJj3pLZCefNitxsj093tb2vq90mp2txoYeBqbcjDjqFhyM8eUjq/uFm6zJ+mUuqxlS2FkuSY1MTA==

"@substrate/connect-extension-protocol@^1.0.1":
  version "1.0.1"
  resolved "https://registry.yarnpkg.com/@substrate/connect-extension-protocol/-/connect-extension-protocol-1.0.1.tgz#fa5738039586c648013caa6a0c95c43265dbe77d"
  integrity sha512-161JhCC1csjH3GE5mPLEd7HbWtwNSPJBg3p1Ksz9SFlTzj/bgEwudiRN2y5i0MoLGCIJRYKyKGMxVnd29PzNjg==

"@substrate/connect@0.7.9":
  version "0.7.9"
  resolved "https://registry.yarnpkg.com/@substrate/connect/-/connect-0.7.9.tgz#0bb65fef28c70051e6158e10f633005e899fbb5b"
  integrity sha512-E6bdBhzsfHNAKlmQSvbTW1jyb0WcIvgbrEBfJ4B6FZ3t1wpGjldL6GrYtegVtKr9/ySQ/pFNn0uVbugukpMDjQ==
  dependencies:
    "@substrate/connect-extension-protocol" "^1.0.1"
    "@substrate/smoldot-light" "0.6.25"
    eventemitter3 "^4.0.7"

"@substrate/smoldot-light@0.6.25":
  version "0.6.25"
  resolved "https://registry.yarnpkg.com/@substrate/smoldot-light/-/smoldot-light-0.6.25.tgz#3025ba5134b1be470855f901ffeb028a0f93460c"
  integrity sha512-OQ9/bnJJy90xSRg5Vp9MIvrgbrVt/r/FwXYSmyLeBBNbJt6o1gSeshVo8icD+2VWwd/TJ2oHl5CVQWe89MyByA==
  dependencies:
    websocket "^1.0.32"

"@substrate/ss58-registry@^1.25.0":
  version "1.25.0"
  resolved "https://registry.yarnpkg.com/@substrate/ss58-registry/-/ss58-registry-1.25.0.tgz#0fcd8c9c0e53963a88fbed41f2cbd8a1a5c74cde"
  integrity sha512-LmCH4QJRdHaeLsLTPSgJaXguMoIW+Ig9fA9LRPpeya9HefVAJ7gZuUYinldv+QmX7evNm5CL0rspNUS8l1DvXg==

"@tsconfig/node10@^1.0.7":
  version "1.0.8"
  resolved "https://registry.yarnpkg.com/@tsconfig/node10/-/node10-1.0.8.tgz#c1e4e80d6f964fbecb3359c43bd48b40f7cadad9"
  integrity sha512-6XFfSQmMgq0CFLY1MslA/CPUfhIL919M1rMsa5lP2P097N2Wd1sSX0tx1u4olM16fLNhtHZpRhedZJphNJqmZg==

"@tsconfig/node12@^1.0.7":
  version "1.0.9"
  resolved "https://registry.yarnpkg.com/@tsconfig/node12/-/node12-1.0.9.tgz#62c1f6dee2ebd9aead80dc3afa56810e58e1a04c"
  integrity sha512-/yBMcem+fbvhSREH+s14YJi18sp7J9jpuhYByADT2rypfajMZZN4WQ6zBGgBKp53NKmqI36wFYDb3yaMPurITw==

"@tsconfig/node14@^1.0.0":
  version "1.0.1"
  resolved "https://registry.yarnpkg.com/@tsconfig/node14/-/node14-1.0.1.tgz#95f2d167ffb9b8d2068b0b235302fafd4df711f2"
  integrity sha512-509r2+yARFfHHE7T6Puu2jjkoycftovhXRqW328PDXTVGKihlb1P8Z9mMZH04ebyajfRY7dedfGynlrFHJUQCg==

"@tsconfig/node16@^1.0.2":
  version "1.0.2"
  resolved "https://registry.yarnpkg.com/@tsconfig/node16/-/node16-1.0.2.tgz#423c77877d0569db20e1fc80885ac4118314010e"
  integrity sha512-eZxlbI8GZscaGS7kkc/trHTT5xgrjH3/1n2JDwusC9iahPKWMRvRjJSAN5mCXviuTGQ/lHnhvv8Q1YTpnfz9gA==

"@types/bn.js@^5.1.0":
  version "5.1.0"
  resolved "https://registry.yarnpkg.com/@types/bn.js/-/bn.js-5.1.0.tgz#32c5d271503a12653c62cf4d2b45e6eab8cebc68"
  integrity sha512-QSSVYj7pYFN49kW77o2s9xTCwZ8F2xLbjLLSEVh8D2F4JUhZtPAGOFLTD+ffqksBx/u4cE/KImFjyhqCjn/LIA==
  dependencies:
    "@types/node" "*"

"@types/node-fetch@^2.6.2":
  version "2.6.2"
  resolved "https://registry.yarnpkg.com/@types/node-fetch/-/node-fetch-2.6.2.tgz#d1a9c5fd049d9415dce61571557104dec3ec81da"
  integrity sha512-DHqhlq5jeESLy19TYhLakJ07kNumXWjcDdxXsLUMJZ6ue8VZJj4kLPQVE/2mdHh3xZziNF1xppu5lwmS53HR+A==
  dependencies:
    "@types/node" "*"
    form-data "^3.0.0"

"@types/node@*":
  version "17.0.34"
  resolved "https://registry.yarnpkg.com/@types/node/-/node-17.0.34.tgz#3b0b6a50ff797280b8d000c6281d229f9c538cef"
  integrity sha512-XImEz7XwTvDBtzlTnm8YvMqGW/ErMWBsKZ+hMTvnDIjGCKxwK5Xpc+c/oQjOauwq8M4OS11hEkpjX8rrI/eEgA==

"@types/websocket@^1.0.5":
  version "1.0.5"
  resolved "https://registry.yarnpkg.com/@types/websocket/-/websocket-1.0.5.tgz#3fb80ed8e07f88e51961211cd3682a3a4a81569c"
  integrity sha512-NbsqiNX9CnEfC1Z0Vf4mE1SgAJ07JnRYcNex7AJ9zAVzmiGHmjKFEk7O4TJIsgv2B1sLEb6owKFZrACwdYngsQ==
  dependencies:
    "@types/node" "*"

acorn-walk@^8.1.1:
  version "8.2.0"
  resolved "https://registry.yarnpkg.com/acorn-walk/-/acorn-walk-8.2.0.tgz#741210f2e2426454508853a2f44d0ab83b7f69c1"
  integrity sha512-k+iyHEuPgSw6SbuDpGQM+06HQUa04DZ3o+F6CSzXMvvI5KMvnaEqXe+YVe555R9nn6GPt404fos4wcgpw12SDA==

acorn@^8.4.1:
  version "8.7.1"
  resolved "https://registry.yarnpkg.com/acorn/-/acorn-8.7.1.tgz#0197122c843d1bf6d0a5e83220a788f278f63c30"
  integrity sha512-Xx54uLJQZ19lKygFXOWsscKUbsBZW0CPykPhVQdhIeIwrbPmJzqeASDInc8nKBnp/JT6igTs82qPXz069H8I/A==

ansi-regex@^5.0.1:
  version "5.0.1"
  resolved "https://registry.yarnpkg.com/ansi-regex/-/ansi-regex-5.0.1.tgz#082cb2c89c9fe8659a311a53bd6a4dc5301db304"
  integrity sha512-quJQXlTSUGL2LH9SUXo8VwsY4soanhgo6LNSm84E1LBcE8s3O0wpdiRzyR9z/ZZJMlMWv37qOOb9pdJlMUEKFQ==

ansi-styles@^4.0.0:
  version "4.3.0"
  resolved "https://registry.yarnpkg.com/ansi-styles/-/ansi-styles-4.3.0.tgz#edd803628ae71c04c85ae7a0906edad34b648937"
  integrity sha512-zbB9rCJAT1rbjiVDb2hqKFHNYLxgtk8NURxZ3IZwD3F6NtxbXZQCnnSi1Lkx+IDohdPlFp222wVALIheZJQSEg==
  dependencies:
    color-convert "^2.0.1"

arg@^4.1.0:
  version "4.1.3"
  resolved "https://registry.yarnpkg.com/arg/-/arg-4.1.3.tgz#269fc7ad5b8e42cb63c896d5666017261c144089"
  integrity sha512-58S9QDqG0Xx27YwPSt9fJxivjYl432YCwfDMfZ+71RAqUrZef7LrKQZ3LHLOwCS4FLNBplP533Zx895SeOCHvA==

asynckit@^0.4.0:
  version "0.4.0"
  resolved "https://registry.yarnpkg.com/asynckit/-/asynckit-0.4.0.tgz#c79ed97f7f34cb8f2ba1bc9790bcc366474b4b79"
  integrity sha512-Oei9OH4tRh0YqU3GxhX79dM/mwVgvbZJaSNaRk+bshkj0S5cfHcgYakreBjrHwatXKbz+IoIdYLxrKim2MjW0Q==

bn.js@^5.2.1:
  version "5.2.1"
  resolved "https://registry.yarnpkg.com/bn.js/-/bn.js-5.2.1.tgz#0bc527a6a0d18d0aa8d5b0538ce4a77dccfa7b70"
  integrity sha512-eXRvHzWyYPBuB4NBy0cmYQjGitUrtqwbvlzP3G6VFnNRbsZQIxQ10PbKKHt8gZ/HW/D/747aDl+QkDqg3KQLMQ==

bufferutil@^4.0.1:
  version "4.0.6"
  resolved "https://registry.yarnpkg.com/bufferutil/-/bufferutil-4.0.6.tgz#ebd6c67c7922a0e902f053e5d8be5ec850e48433"
  integrity sha512-jduaYOYtnio4aIAyc6UbvPCVcgq7nYpVnucyxr6eCYg/Woad9Hf/oxxBRDnGGjPfjUm6j5O/uBWhIu4iLebFaw==
  dependencies:
    node-gyp-build "^4.3.0"

cliui@^7.0.2:
  version "7.0.4"
  resolved "https://registry.yarnpkg.com/cliui/-/cliui-7.0.4.tgz#a0265ee655476fc807aea9df3df8df7783808b4f"
  integrity sha512-OcRE68cOsVMXp1Yvonl/fzkQOyjLSu/8bhPDfQt0e0/Eb283TKP20Fs2MqoPsr9SwA595rRCA+QMzYc9nBP+JQ==
  dependencies:
    string-width "^4.2.0"
    strip-ansi "^6.0.0"
    wrap-ansi "^7.0.0"

color-convert@^2.0.1:
  version "2.0.1"
  resolved "https://registry.yarnpkg.com/color-convert/-/color-convert-2.0.1.tgz#72d3a68d598c9bdb3af2ad1e84f21d896abd4de3"
  integrity sha512-RRECPsj7iu/xb5oKYcsFHSppFNnsj/52OVTRKb4zP5onXwVF3zVmmToNcOfGC+CRDpfK/U584fMg38ZHCaElKQ==
  dependencies:
    color-name "~1.1.4"

color-name@~1.1.4:
  version "1.1.4"
  resolved "https://registry.yarnpkg.com/color-name/-/color-name-1.1.4.tgz#c2a09a87acbde69543de6f63fa3995c826c536a2"
  integrity sha512-dOy+3AuW3a2wNbZHIuMZpTcgjGuLU/uBL/ubcZF9OXbDo8ff4O8yVp5Bf0efS8uEoYo5q4Fx7dY9OgQGXgAsQA==

combined-stream@^1.0.8:
  version "1.0.8"
  resolved "https://registry.yarnpkg.com/combined-stream/-/combined-stream-1.0.8.tgz#c3d45a8b34fd730631a110a8a2520682b31d5a7f"
  integrity sha512-FQN4MRfuJeHf7cBbBMJFXhKSDq+2kAArBlmRBvcvFE5BB1HZKXtSFASDhdlz9zOYwxh8lDdnvmMOe/+5cdoEdg==
  dependencies:
    delayed-stream "~1.0.0"

create-require@^1.1.0:
  version "1.1.1"
  resolved "https://registry.yarnpkg.com/create-require/-/create-require-1.1.1.tgz#c1d7e8f1e5f6cfc9ff65f9cd352d37348756c333"
  integrity sha512-dcKFX3jn0MpIaXjisoRvexIJVEKzaq7z2rZKxf+MSr9TkdmHmsU4m2lcLojrj/FHl8mk5VxMmYA+ftRkP/3oKQ==

d@1, d@^1.0.1:
  version "1.0.1"
  resolved "https://registry.yarnpkg.com/d/-/d-1.0.1.tgz#8698095372d58dbee346ffd0c7093f99f8f9eb5a"
  integrity sha512-m62ShEObQ39CfralilEQRjH6oAMtNCV1xJyEx5LpRYUVN+EviphDgUc/F3hnYbADmkiNs67Y+3ylmlG7Lnu+FA==
  dependencies:
    es5-ext "^0.10.50"
    type "^1.0.1"

data-uri-to-buffer@^4.0.0:
  version "4.0.0"
  resolved "https://registry.yarnpkg.com/data-uri-to-buffer/-/data-uri-to-buffer-4.0.0.tgz#b5db46aea50f6176428ac05b73be39a57701a64b"
  integrity sha512-Vr3mLBA8qWmcuschSLAOogKgQ/Jwxulv3RNE4FXnYWRGujzrRWQI4m12fQqRkwX06C0KanhLr4hK+GydchZsaA==

debug@^2.2.0:
  version "2.6.9"
  resolved "https://registry.yarnpkg.com/debug/-/debug-2.6.9.tgz#5d128515df134ff327e90a4c93f4e077a536341f"
  integrity sha512-bC7ElrdJaJnPbAP+1EotYvqZsb3ecl5wi6Bfi6BJTUcNowp6cvspg0jXznRTKDjm/E7AdgFBVeAPVMNcKGsHMA==
  dependencies:
    ms "2.0.0"

debug@^4.1.0:
  version "4.3.4"
  resolved "https://registry.yarnpkg.com/debug/-/debug-4.3.4.tgz#1319f6579357f2338d3337d2cdd4914bb5dcc865"
  integrity sha512-PRWFHuSU3eDtQJPvnNY7Jcket1j0t5OuOsFzPPzsekD52Zl8qUfFIPEiswXqIvHWGVHOgX+7G/vCNNhehwxfkQ==
  dependencies:
    ms "2.1.2"

delayed-stream@~1.0.0:
  version "1.0.0"
  resolved "https://registry.yarnpkg.com/delayed-stream/-/delayed-stream-1.0.0.tgz#df3ae199acadfb7d440aaae0b29e2272b24ec619"
  integrity sha1-3zrhmayt+31ECqrgsp4icrJOxhk=

diff@^4.0.1:
  version "4.0.2"
  resolved "https://registry.yarnpkg.com/diff/-/diff-4.0.2.tgz#60f3aecb89d5fae520c11aa19efc2bb982aade7d"
  integrity sha512-58lmxKSA4BNyLz+HHMUzlOEpg09FV+ev6ZMe3vJihgdxzgcwZ8VoEEPmALCZG9LmqfVoNMMKpttIYTVG6uDY7A==

ed2curve@^0.3.0:
  version "0.3.0"
  resolved "https://registry.yarnpkg.com/ed2curve/-/ed2curve-0.3.0.tgz#322b575152a45305429d546b071823a93129a05d"
  integrity sha512-8w2fmmq3hv9rCrcI7g9hms2pMunQr1JINfcjwR9tAyZqhtyaMN991lF/ZfHfr5tzZQ8c7y7aBgZbjfbd0fjFwQ==
  dependencies:
    tweetnacl "1.x.x"

emoji-regex@^8.0.0:
  version "8.0.0"
  resolved "https://registry.yarnpkg.com/emoji-regex/-/emoji-regex-8.0.0.tgz#e818fd69ce5ccfcb404594f842963bf53164cc37"
  integrity sha512-MSjYzcWNOA0ewAHpz0MxpYFvwg6yjy1NG3xteoqz644VCo/RPgnr1/GGt+ic3iJTzQ8Eu3TdM14SawnVUmGE6A==

es5-ext@^0.10.35, es5-ext@^0.10.50:
  version "0.10.61"
  resolved "https://registry.yarnpkg.com/es5-ext/-/es5-ext-0.10.61.tgz#311de37949ef86b6b0dcea894d1ffedb909d3269"
  integrity sha512-yFhIqQAzu2Ca2I4SE2Au3rxVfmohU9Y7wqGR+s7+H7krk26NXhIRAZDgqd6xqjCEFUomDEA3/Bo/7fKmIkW1kA==
  dependencies:
    es6-iterator "^2.0.3"
    es6-symbol "^3.1.3"
    next-tick "^1.1.0"

es6-iterator@^2.0.3:
  version "2.0.3"
  resolved "https://registry.yarnpkg.com/es6-iterator/-/es6-iterator-2.0.3.tgz#a7de889141a05a94b0854403b2d0a0fbfa98f3b7"
  integrity sha1-p96IkUGgWpSwhUQDstCg+/qY87c=
  dependencies:
    d "1"
    es5-ext "^0.10.35"
    es6-symbol "^3.1.1"

es6-symbol@^3.1.1, es6-symbol@^3.1.3:
  version "3.1.3"
  resolved "https://registry.yarnpkg.com/es6-symbol/-/es6-symbol-3.1.3.tgz#bad5d3c1bcdac28269f4cb331e431c78ac705d18"
  integrity sha512-NJ6Yn3FuDinBaBRWl/q5X/s4koRHBrgKAu+yGI6JCBeiu3qrcbJhwT2GeR/EXVfylRk8dpQVJoLEFhK+Mu31NA==
  dependencies:
    d "^1.0.1"
    ext "^1.1.2"

escalade@^3.1.1:
  version "3.1.1"
  resolved "https://registry.yarnpkg.com/escalade/-/escalade-3.1.1.tgz#d8cfdc7000965c5a0174b4a82eaa5c0552742e40"
  integrity sha512-k0er2gUkLf8O0zKJiAhmkTnJlTvINGv7ygDNPbeIsX/TJjGJZHuh9B2UxbsaEkmlEo9MfhrSzmhIlhRlI2GXnw==

eventemitter3@^4.0.7:
  version "4.0.7"
  resolved "https://registry.yarnpkg.com/eventemitter3/-/eventemitter3-4.0.7.tgz#2de9b68f6528d5644ef5c59526a1b4a07306169f"
  integrity sha512-8guHBZCwKnFhYdHr2ysuRWErTwhoN2X8XELRlrRwpmfeY2jjuUN4taQMsULKUVo1K4DvZl+0pgfyoysHxvmvEw==

ext@^1.1.2:
  version "1.6.0"
  resolved "https://registry.yarnpkg.com/ext/-/ext-1.6.0.tgz#3871d50641e874cc172e2b53f919842d19db4c52"
  integrity sha512-sdBImtzkq2HpkdRLtlLWDa6w4DX22ijZLKx8BMPUuKe1c5lbN6xwQDQCxSfxBQnHZ13ls/FH0MQZx/q/gr6FQg==
  dependencies:
    type "^2.5.0"

fetch-blob@^3.1.2, fetch-blob@^3.1.4:
  version "3.2.0"
  resolved "https://registry.yarnpkg.com/fetch-blob/-/fetch-blob-3.2.0.tgz#f09b8d4bbd45adc6f0c20b7e787e793e309dcce9"
  integrity sha512-7yAQpD2UMJzLi1Dqv7qFYnPbaPx7ZfFK6PiIxQ4PfkGPyNyl2Ugx+a/umUonmKqjhM4DnfbMvdX6otXq83soQQ==
  dependencies:
    node-domexception "^1.0.0"
    web-streams-polyfill "^3.0.3"

form-data@^3.0.0:
  version "3.0.1"
  resolved "https://registry.yarnpkg.com/form-data/-/form-data-3.0.1.tgz#ebd53791b78356a99af9a300d4282c4d5eb9755f"
  integrity sha512-RHkBKtLWUVwd7SqRIvCZMEvAMoGUp0XU+seQiZejj0COz3RI3hWP4sCv3gZWWLjJTd7rGwcsF5eKZGii0r/hbg==
  dependencies:
    asynckit "^0.4.0"
    combined-stream "^1.0.8"
    mime-types "^2.1.12"

formdata-polyfill@^4.0.10:
  version "4.0.10"
  resolved "https://registry.yarnpkg.com/formdata-polyfill/-/formdata-polyfill-4.0.10.tgz#24807c31c9d402e002ab3d8c720144ceb8848423"
  integrity sha512-buewHzMvYL29jdeQTVILecSaZKnt/RJWjoZCF5OW60Z67/GmSLBkOFM7qh1PI3zFNtJbaZL5eQu1vLfazOwj4g==
  dependencies:
    fetch-blob "^3.1.2"

get-caller-file@^2.0.5:
  version "2.0.5"
  resolved "https://registry.yarnpkg.com/get-caller-file/-/get-caller-file-2.0.5.tgz#4f94412a82db32f36e3b0b9741f8a97feb031f7e"
  integrity sha512-DyFP3BM/3YHTQOCUL/w0OZHR0lpKeGrxotcHWcqNEdnltqFwXVfhEBQ94eIo34AfQpo0rGki4cyIiftY06h2Fg==

is-fullwidth-code-point@^3.0.0:
  version "3.0.0"
  resolved "https://registry.yarnpkg.com/is-fullwidth-code-point/-/is-fullwidth-code-point-3.0.0.tgz#f116f8064fe90b3f7844a38997c0b75051269f1d"
  integrity sha512-zymm5+u+sCsSWyD9qNaejV3DFvhCKclKdizYaJUuHA83RLjb7nSuGnddCHGv0hk+KY7BMAlsWeK4Ueg6EV6XQg==

is-typedarray@^1.0.0:
  version "1.0.0"
  resolved "https://registry.yarnpkg.com/is-typedarray/-/is-typedarray-1.0.0.tgz#e479c80858df0c1b11ddda6940f96011fcda4a9a"
  integrity sha1-5HnICFjfDBsR3dppQPlgEfzaSpo=

json-stringify-safe@^5.0.1:
  version "5.0.1"
  resolved "https://registry.yarnpkg.com/json-stringify-safe/-/json-stringify-safe-5.0.1.tgz#1296a2d58fd45f19a0f6ce01d65701e2c735b6eb"
  integrity sha1-Epai1Y/UXxmg9s4B1lcB4sc1tus=

lodash@^4.17.21:
  version "4.17.21"
  resolved "https://registry.yarnpkg.com/lodash/-/lodash-4.17.21.tgz#679591c564c3bffaae8454cf0b3df370c3d6911c"
  integrity sha512-v2kDEe57lecTulaDIuNTPy3Ry4gLGJ6Z1O3vE1krgXZNrsQ+LFTGHVxVjcXPs17LhbZVGedAJv8XZ1tvj5FvSg==

make-error@^1.1.1:
  version "1.3.6"
  resolved "https://registry.yarnpkg.com/make-error/-/make-error-1.3.6.tgz#2eb2e37ea9b67c4891f684a1394799af484cf7a2"
  integrity sha512-s8UhlNe7vPKomQhC1qFelMokr/Sc3AgNbso3n74mVPA5LTZwkB9NlXf4XPamLxJE8h0gh73rM94xvwRT2CVInw==

mime-db@1.52.0:
  version "1.52.0"
  resolved "https://registry.yarnpkg.com/mime-db/-/mime-db-1.52.0.tgz#bbabcdc02859f4987301c856e3387ce5ec43bf70"
  integrity sha512-sPU4uV7dYlvtWJxwwxHD0PuihVNiE7TyAbQ5SWxDCB9mUYvOgroQOwYQQOKPJ8CIbE+1ETVlOoK1UC2nU3gYvg==

mime-types@^2.1.12:
  version "2.1.35"
  resolved "https://registry.yarnpkg.com/mime-types/-/mime-types-2.1.35.tgz#381a871b62a734450660ae3deee44813f70d959a"
  integrity sha512-ZDY+bPm5zTTF+YpCrAU9nK0UgICYPT0QtT1NZWFv4s++TNkcgVaT0g6+4R2uI4MjQjzysHB1zxuWL50hzaeXiw==
  dependencies:
    mime-db "1.52.0"

mock-socket@^9.1.5:
  version "9.1.5"
  resolved "https://registry.yarnpkg.com/mock-socket/-/mock-socket-9.1.5.tgz#2c4e44922ad556843b6dfe09d14ed8041fa2cdeb"
  integrity sha512-3DeNIcsQixWHHKk6NdoBhWI4t1VMj5/HzfnI1rE/pLl5qKx7+gd4DNA07ehTaZ6MoUU053si6Hd+YtiM/tQZfg==

ms@2.0.0:
  version "2.0.0"
  resolved "https://registry.yarnpkg.com/ms/-/ms-2.0.0.tgz#5608aeadfc00be6c2901df5f9861788de0d597c8"
  integrity sha1-VgiurfwAvmwpAd9fmGF4jeDVl8g=

ms@2.1.2:
  version "2.1.2"
  resolved "https://registry.yarnpkg.com/ms/-/ms-2.1.2.tgz#d09d1f357b443f493382a8eb3ccd183872ae6009"
  integrity sha512-sGkPx+VjMtmA6MX27oA4FBFELFCZZ4S4XqeGOXCv68tT+jb3vk/RyaKWP0PTKyWtmLSM0b+adUTEvbs1PEaH2w==

next-tick@^1.1.0:
  version "1.1.0"
  resolved "https://registry.yarnpkg.com/next-tick/-/next-tick-1.1.0.tgz#1836ee30ad56d67ef281b22bd199f709449b35eb"
  integrity sha512-CXdUiJembsNjuToQvxayPZF9Vqht7hewsvy2sOWafLvi2awflj9mOC6bHIg50orX8IJvWKY9wYQ/zB2kogPslQ==

nock@^13.2.9:
  version "13.2.9"
  resolved "https://registry.yarnpkg.com/nock/-/nock-13.2.9.tgz#4faf6c28175d36044da4cfa68e33e5a15086ad4c"
  integrity sha512-1+XfJNYF1cjGB+TKMWi29eZ0b82QOvQs2YoLNzbpWGqFMtRQHTa57osqdGj4FrFPgkO4D4AZinzUJR9VvW3QUA==
  dependencies:
    debug "^4.1.0"
    json-stringify-safe "^5.0.1"
    lodash "^4.17.21"
    propagate "^2.0.0"

node-domexception@^1.0.0:
  version "1.0.0"
  resolved "https://registry.yarnpkg.com/node-domexception/-/node-domexception-1.0.0.tgz#6888db46a1f71c0b76b3f7555016b63fe64766e5"
  integrity sha512-/jKZoMpw0F8GRwl4/eLROPA3cfcXtLApP0QzLmUT/HuPCZWyB7IY9ZrMeKw2O/nFIqPQB3PVM9aYm0F312AXDQ==

node-fetch@^3.2.9:
  version "3.2.10"
  resolved "https://registry.yarnpkg.com/node-fetch/-/node-fetch-3.2.10.tgz#e8347f94b54ae18b57c9c049ef641cef398a85c8"
  integrity sha512-MhuzNwdURnZ1Cp4XTazr69K0BTizsBroX7Zx3UgDSVcZYKF/6p0CBe4EUb/hLqmzVhl0UpYfgRljQ4yxE+iCxA==
  dependencies:
    data-uri-to-buffer "^4.0.0"
    fetch-blob "^3.1.4"
    formdata-polyfill "^4.0.10"

node-gyp-build@^4.3.0:
  version "4.4.0"
  resolved "https://registry.yarnpkg.com/node-gyp-build/-/node-gyp-build-4.4.0.tgz#42e99687ce87ddeaf3a10b99dc06abc11021f3f4"
  integrity sha512-amJnQCcgtRVw9SvoebO3BKGESClrfXGCUTX9hSn1OuGQTQBOZmVd0Z0OlecpuRksKvbsUqALE8jls/ErClAPuQ==

propagate@^2.0.0:
  version "2.0.1"
  resolved "https://registry.yarnpkg.com/propagate/-/propagate-2.0.1.tgz#40cdedab18085c792334e64f0ac17256d38f9a45"
  integrity sha512-vGrhOavPSTz4QVNuBNdcNXePNdNMaO1xj9yBeH1ScQPjk/rhg9sSlCXPhMkFuaNNW/syTvYqsnbIJxMBfRbbag==

regenerator-runtime@^0.13.4:
  version "0.13.9"
  resolved "https://registry.yarnpkg.com/regenerator-runtime/-/regenerator-runtime-0.13.9.tgz#8925742a98ffd90814988d7566ad30ca3b263b52"
  integrity sha512-p3VT+cOEgxFsRRA9X4lkI1E+k2/CtnKtU4gcxyaCUreilL/vqI6CdZ3wxVUx3UOUg+gnUOQQcRI7BmSI656MYA==

require-directory@^2.1.1:
  version "2.1.1"
  resolved "https://registry.yarnpkg.com/require-directory/-/require-directory-2.1.1.tgz#8c64ad5fd30dab1c976e2344ffe7f792a6a6df42"
  integrity sha1-jGStX9MNqxyXbiNE/+f3kqam30I=

rxjs@^7.5.6:
  version "7.5.6"
  resolved "https://registry.yarnpkg.com/rxjs/-/rxjs-7.5.6.tgz#0446577557862afd6903517ce7cae79ecb9662bc"
  integrity sha512-dnyv2/YsXhnm461G+R/Pe5bWP41Nm6LBXEYWI6eiFP4fiwx6WRI/CD0zbdVAudd9xwLEF2IDcKXLHit0FYjUzw==
  dependencies:
    tslib "^2.1.0"

string-width@^4.1.0, string-width@^4.2.0, string-width@^4.2.3:
  version "4.2.3"
  resolved "https://registry.yarnpkg.com/string-width/-/string-width-4.2.3.tgz#269c7117d27b05ad2e536830a8ec895ef9c6d010"
  integrity sha512-wKyQRQpjJ0sIp62ErSZdGsjMJWsap5oRNihHhu6G7JVO/9jIB6UyevL+tXuOqrng8j/cxKTWyWUwvSTriiZz/g==
  dependencies:
    emoji-regex "^8.0.0"
    is-fullwidth-code-point "^3.0.0"
    strip-ansi "^6.0.1"

strip-ansi@^6.0.0, strip-ansi@^6.0.1:
  version "6.0.1"
  resolved "https://registry.yarnpkg.com/strip-ansi/-/strip-ansi-6.0.1.tgz#9e26c63d30f53443e9489495b2105d37b67a85d9"
  integrity sha512-Y38VPSHcqkFrCpFnQ9vuSXmquuv5oXOKpGeT6aGrr3o3Gc9AlVa6JBfUSOCnbxGGZF+/0ooI7KrPuUSztUdU5A==
  dependencies:
    ansi-regex "^5.0.1"

ts-node@^10.4.0:
  version "10.7.0"
  resolved "https://registry.yarnpkg.com/ts-node/-/ts-node-10.7.0.tgz#35d503d0fab3e2baa672a0e94f4b40653c2463f5"
  integrity sha512-TbIGS4xgJoX2i3do417KSaep1uRAW/Lu+WAL2doDHC0D6ummjirVOXU5/7aiZotbQ5p1Zp9tP7U6cYhA0O7M8A==
  dependencies:
    "@cspotcode/source-map-support" "0.7.0"
    "@tsconfig/node10" "^1.0.7"
    "@tsconfig/node12" "^1.0.7"
    "@tsconfig/node14" "^1.0.0"
    "@tsconfig/node16" "^1.0.2"
    acorn "^8.4.1"
    acorn-walk "^8.1.1"
    arg "^4.1.0"
    create-require "^1.1.0"
    diff "^4.0.1"
    make-error "^1.1.1"
    v8-compile-cache-lib "^3.0.0"
    yn "3.1.1"

tslib@^2.1.0:
  version "2.4.0"
  resolved "https://registry.yarnpkg.com/tslib/-/tslib-2.4.0.tgz#7cecaa7f073ce680a05847aa77be941098f36dc3"
  integrity sha512-d6xOpEDfsi2CZVlPQzGeux8XMwLT9hssAsaPYExaQMuYskwb+x1x7J371tWlbBdWHroy99KnVB6qIkUbs5X3UQ==

tweetnacl@1.x.x, tweetnacl@^1.0.3:
  version "1.0.3"
  resolved "https://registry.yarnpkg.com/tweetnacl/-/tweetnacl-1.0.3.tgz#ac0af71680458d8a6378d0d0d050ab1407d35596"
  integrity sha512-6rt+RN7aOi1nGMyC4Xa5DdYiukl2UWCbcJft7YhxReBGQD7OAM8Pbxw6YMo4r2diNEA8FEmu32YOn9rhaiE5yw==

type@^1.0.1:
  version "1.2.0"
  resolved "https://registry.yarnpkg.com/type/-/type-1.2.0.tgz#848dd7698dafa3e54a6c479e759c4bc3f18847a0"
  integrity sha512-+5nt5AAniqsCnu2cEQQdpzCAh33kVx8n0VoFidKpB1dVVLAN/F+bgVOqOJqOnEnrhp222clB5p3vUlD+1QAnfg==

type@^2.5.0:
  version "2.6.0"
  resolved "https://registry.yarnpkg.com/type/-/type-2.6.0.tgz#3ca6099af5981d36ca86b78442973694278a219f"
  integrity sha512-eiDBDOmkih5pMbo9OqsqPRGMljLodLcwd5XD5JbtNB0o89xZAwynY9EdCDsJU7LtcVCClu9DvM7/0Ep1hYX3EQ==

typedarray-to-buffer@^3.1.5:
  version "3.1.5"
  resolved "https://registry.yarnpkg.com/typedarray-to-buffer/-/typedarray-to-buffer-3.1.5.tgz#a97ee7a9ff42691b9f783ff1bc5112fe3fca9080"
  integrity sha512-zdu8XMNEDepKKR+XYOXAVPtWui0ly0NtohUscw+UmaHiAWT8hrV1rr//H6V+0DvJ3OQ19S979M0laLfX8rm82Q==
  dependencies:
    is-typedarray "^1.0.0"

typescript@^4.5.4:
  version "4.6.4"
  resolved "https://registry.yarnpkg.com/typescript/-/typescript-4.6.4.tgz#caa78bbc3a59e6a5c510d35703f6a09877ce45e9"
  integrity sha512-9ia/jWHIEbo49HfjrLGfKbZSuWo9iTMwXO+Ca3pRsSpbsMbc7/IU8NKdCZVRRBafVPGnoJeFL76ZOAA84I9fEg==

utf-8-validate@^5.0.2:
  version "5.0.9"
  resolved "https://registry.yarnpkg.com/utf-8-validate/-/utf-8-validate-5.0.9.tgz#ba16a822fbeedff1a58918f2a6a6b36387493ea3"
  integrity sha512-Yek7dAy0v3Kl0orwMlvi7TPtiCNrdfHNd7Gcc/pLq4BLXqfAmd0J7OWMizUQnTTJsyjKn02mU7anqwfmUP4J8Q==
  dependencies:
    node-gyp-build "^4.3.0"

v8-compile-cache-lib@^3.0.0:
  version "3.0.1"
  resolved "https://registry.yarnpkg.com/v8-compile-cache-lib/-/v8-compile-cache-lib-3.0.1.tgz#6336e8d71965cb3d35a1bbb7868445a7c05264bf"
  integrity sha512-wa7YjyUGfNZngI/vtK0UHAN+lgDCxBPCylVXGp0zu59Fz5aiGtNXaq3DhIov063MorB+VfufLh3JlF2KdTK3xg==

web-streams-polyfill@^3.0.3:
  version "3.2.1"
  resolved "https://registry.yarnpkg.com/web-streams-polyfill/-/web-streams-polyfill-3.2.1.tgz#71c2718c52b45fd49dbeee88634b3a60ceab42a6"
  integrity sha512-e0MO3wdXWKrLbL0DgGnUV7WHVuw9OUvL4hjgnPkIeEvESk74gAITi5G606JtZPp39cd8HA9VQzCIvA49LpPN5Q==

websocket@^1.0.32, websocket@^1.0.34:
  version "1.0.34"
  resolved "https://registry.yarnpkg.com/websocket/-/websocket-1.0.34.tgz#2bdc2602c08bf2c82253b730655c0ef7dcab3111"
  integrity sha512-PRDso2sGwF6kM75QykIesBijKSVceR6jL2G8NGYyq2XrItNC2P5/qL5XeR056GhA+Ly7JMFvJb9I312mJfmqnQ==
  dependencies:
    bufferutil "^4.0.1"
    debug "^2.2.0"
    es5-ext "^0.10.50"
    typedarray-to-buffer "^3.1.5"
    utf-8-validate "^5.0.2"
    yaeti "^0.0.6"

wrap-ansi@^7.0.0:
  version "7.0.0"
  resolved "https://registry.yarnpkg.com/wrap-ansi/-/wrap-ansi-7.0.0.tgz#67e145cff510a6a6984bdf1152911d69d2eb9e43"
  integrity sha512-YVGIj2kamLSTxw6NsZjoBxfSwsn0ycdesmc4p+Q21c5zPuZ1pl+NfxVdxPtdHvmNVOQ6XSYG4AUtyt/Fi7D16Q==
  dependencies:
    ansi-styles "^4.0.0"
    string-width "^4.1.0"
    strip-ansi "^6.0.0"

y18n@^5.0.5:
  version "5.0.8"
  resolved "https://registry.yarnpkg.com/y18n/-/y18n-5.0.8.tgz#7f4934d0f7ca8c56f95314939ddcd2dd91ce1d55"
  integrity sha512-0pfFzegeDWJHJIAmTLRP2DwHjdF5s7jo9tuztdQxAhINCdvS+3nGINqPd00AphqJR/0LhANUS6/+7SCb98YOfA==

yaeti@^0.0.6:
  version "0.0.6"
  resolved "https://registry.yarnpkg.com/yaeti/-/yaeti-0.0.6.tgz#f26f484d72684cf42bedfb76970aa1608fbf9577"
  integrity sha1-8m9ITXJoTPQr7ft2lwqhYI+/lXc=

yargs-parser@^21.0.0:
  version "21.0.1"
  resolved "https://registry.yarnpkg.com/yargs-parser/-/yargs-parser-21.0.1.tgz#0267f286c877a4f0f728fceb6f8a3e4cb95c6e35"
  integrity sha512-9BK1jFpLzJROCI5TzwZL/TU4gqjK5xiHV/RfWLOahrjAko/e4DJkRDZQXfvqAsiZzzYhgAzbgz6lg48jcm4GLg==

yargs@^17.3.1:
  version "17.5.1"
  resolved "https://registry.yarnpkg.com/yargs/-/yargs-17.5.1.tgz#e109900cab6fcb7fd44b1d8249166feb0b36e58e"
  integrity sha512-t6YAJcxDkNX7NFYiVtKvWUz8l+PaKTLiL63mJYWR2GnHq2gjEWISzsLp9wg3aY36dY1j+gfIEL3pIF+XlJJfbA==
  dependencies:
    cliui "^7.0.2"
    escalade "^3.1.1"
    get-caller-file "^2.0.5"
    require-directory "^2.1.1"
    string-width "^4.2.3"
    y18n "^5.0.5"
    yargs-parser "^21.0.0"

yn@3.1.1:
  version "3.1.1"
  resolved "https://registry.yarnpkg.com/yn/-/yn-3.1.1.tgz#1e87401a09d767c1d5eab26a6e4c185182d2eb50"
  integrity sha512-Ux4ygGWsu2c7isFWe8Yu1YluJmqVhxqK2cLXNQA5AcC3QfbGNpM7fu0Y8b/z16pXLnFxZYvWhd3fhBY9DLmC6Q==
