# THIS IS AN AUTOGENERATED FILE. DO NOT EDIT THIS FILE DIRECTLY.
# yarn lockfile v1


"@cspotcode/source-map-consumer@0.8.0":
  version "0.8.0"
  resolved "https://registry.yarnpkg.com/@cspotcode/source-map-consumer/-/source-map-consumer-0.8.0.tgz#33bf4b7b39c178821606f669bbc447a6a629786b"
  integrity sha512-41qniHzTU8yAGbCp04ohlmSrZf8bkf/iJsl3V0dRGsQN/5GFfx+LbCSsCpp2gqrqjTVg/K6O8ycoV35JIwAzAg==

"@cspotcode/source-map-support@0.7.0":
  version "0.7.0"
  resolved "https://registry.yarnpkg.com/@cspotcode/source-map-support/-/source-map-support-0.7.0.tgz#4789840aa859e46d2f3173727ab707c66bf344f5"
  integrity sha512-X4xqRHqN8ACt2aHVe51OxeA2HjbcL4MqFqXkrmQszJ1NOUuUu5u6Vqx/0lZSVNku7velL5FC/s5uEAj1lsBMhA==
  dependencies:
    "@cspotcode/source-map-consumer" "0.8.0"

"@moonbeam-network/api-augment@^0.2700.0":
  version "0.2700.0"
  resolved "https://registry.yarnpkg.com/@moonbeam-network/api-augment/-/api-augment-0.2700.0.tgz#73b2ab3dd9e3e2f541ffbbf9c352672fd9f76b7c"
  integrity sha512-rZtZ69p0E90fsjJLKYB6Jft65IFYkHPOUvG57/1mXf7xaN9EynLzUsfH4hKYqQzSKJS0uwm9j8CXjZlQHgF+cQ==

"@noble/curves@^1.3.0":
  version "1.3.0"
  resolved "https://registry.yarnpkg.com/@noble/curves/-/curves-1.3.0.tgz#01be46da4fd195822dab821e72f71bf4aeec635e"
  integrity sha512-t01iSXPuN+Eqzb4eBX0S5oubSqXbK/xXa1Ne18Hj8f9pStxztHCE2gfboSp/dZRLSqfuLpRK2nDXDK+W9puocA==
  dependencies:
    "@noble/hashes" "1.3.3"

"@noble/hashes@1.3.3", "@noble/hashes@^1.3.3":
  version "1.3.3"
  resolved "https://registry.yarnpkg.com/@noble/hashes/-/hashes-1.3.3.tgz#39908da56a4adc270147bb07968bf3b16cfe1699"
  integrity sha512-V7/fPHgl+jsVPXqqeOzT8egNj2iBIVt+ECeMMG8TdcnTikP3oaBtUVqpT/gYCR68aEBJSF+XbYUxStjbFMqIIA==

"@polkadot/api-augment@10.11.2":
  version "10.11.2"
  resolved "https://registry.yarnpkg.com/@polkadot/api-augment/-/api-augment-10.11.2.tgz#9ea6f3a25edb61a03d571f06f6ec87ced6d29a2a"
  integrity sha512-PTpnqpezc75qBqUtgrc0GYB8h9UHjfbHSRZamAbecIVAJ2/zc6CqtnldeaBlIu1IKTgBzi3FFtTyYu+ZGbNT2Q==
  dependencies:
    "@polkadot/api-base" "10.11.2"
    "@polkadot/rpc-augment" "10.11.2"
    "@polkadot/types" "10.11.2"
    "@polkadot/types-augment" "10.11.2"
    "@polkadot/types-codec" "10.11.2"
    "@polkadot/util" "^12.6.2"
    tslib "^2.6.2"

"@polkadot/api-base@10.11.2":
  version "10.11.2"
  resolved "https://registry.yarnpkg.com/@polkadot/api-base/-/api-base-10.11.2.tgz#135de5ab83769a1fd3ad9f845f27338a65b0ffe3"
  integrity sha512-4LIjaUfO9nOzilxo7XqzYKCNMtmUypdk8oHPdrRnSjKEsnK7vDsNi+979z2KXNXd2KFSCFHENmI523fYnMnReg==
  dependencies:
    "@polkadot/rpc-core" "10.11.2"
    "@polkadot/types" "10.11.2"
    "@polkadot/util" "^12.6.2"
    rxjs "^7.8.1"
    tslib "^2.6.2"

"@polkadot/api-derive@10.11.2":
  version "10.11.2"
  resolved "https://registry.yarnpkg.com/@polkadot/api-derive/-/api-derive-10.11.2.tgz#eb9e3f681ef3dda88ee2dfa538a6bded937de77e"
  integrity sha512-m3BQbPionkd1iSlknddxnL2hDtolPIsT+aRyrtn4zgMRPoLjHFmTmovvg8RaUyYofJtZeYrnjMw0mdxiSXx7eA==
  dependencies:
    "@polkadot/api" "10.11.2"
    "@polkadot/api-augment" "10.11.2"
    "@polkadot/api-base" "10.11.2"
    "@polkadot/rpc-core" "10.11.2"
    "@polkadot/types" "10.11.2"
    "@polkadot/types-codec" "10.11.2"
    "@polkadot/util" "^12.6.2"
    "@polkadot/util-crypto" "^12.6.2"
    rxjs "^7.8.1"
    tslib "^2.6.2"

"@polkadot/api@10.11.2", "@polkadot/api@^10.11.2":
  version "10.11.2"
  resolved "https://registry.yarnpkg.com/@polkadot/api/-/api-10.11.2.tgz#16cd07062d51cc9cf77a3a6afa3cb4e526e44a82"
  integrity sha512-AorCZxCWCoTtdbl4DPUZh+ACe/pbLIS1BkdQY0AFJuZllm0x/yWzjgampcPd5jQAA/O3iKShRBkZqj6Mk9yG/A==
  dependencies:
    "@polkadot/api-augment" "10.11.2"
    "@polkadot/api-base" "10.11.2"
    "@polkadot/api-derive" "10.11.2"
    "@polkadot/keyring" "^12.6.2"
    "@polkadot/rpc-augment" "10.11.2"
    "@polkadot/rpc-core" "10.11.2"
    "@polkadot/rpc-provider" "10.11.2"
    "@polkadot/types" "10.11.2"
    "@polkadot/types-augment" "10.11.2"
    "@polkadot/types-codec" "10.11.2"
    "@polkadot/types-create" "10.11.2"
    "@polkadot/types-known" "10.11.2"
    "@polkadot/util" "^12.6.2"
    "@polkadot/util-crypto" "^12.6.2"
    eventemitter3 "^5.0.1"
    rxjs "^7.8.1"
    tslib "^2.6.2"

"@polkadot/keyring@^12.6.2":
  version "12.6.2"
  resolved "https://registry.yarnpkg.com/@polkadot/keyring/-/keyring-12.6.2.tgz#6067e6294fee23728b008ac116e7e9db05cecb9b"
  integrity sha512-O3Q7GVmRYm8q7HuB3S0+Yf/q/EB2egKRRU3fv9b3B7V+A52tKzA+vIwEmNVaD1g5FKW9oB97rmpggs0zaKFqHw==
  dependencies:
    "@polkadot/util" "12.6.2"
    "@polkadot/util-crypto" "12.6.2"
    tslib "^2.6.2"

"@polkadot/networks@12.6.2", "@polkadot/networks@^12.6.2":
  version "12.6.2"
  resolved "https://registry.yarnpkg.com/@polkadot/networks/-/networks-12.6.2.tgz#791779fee1d86cc5b6cd371858eea9b7c3f8720d"
  integrity sha512-1oWtZm1IvPWqvMrldVH6NI2gBoCndl5GEwx7lAuQWGr7eNL+6Bdc5K3Z9T0MzFvDGoi2/CBqjX9dRKo39pDC/w==
  dependencies:
    "@polkadot/util" "12.6.2"
    "@substrate/ss58-registry" "^1.44.0"
    tslib "^2.6.2"

"@polkadot/rpc-augment@10.11.2":
  version "10.11.2"
  resolved "https://registry.yarnpkg.com/@polkadot/rpc-augment/-/rpc-augment-10.11.2.tgz#4458ee62bd95cd1f016f097f607767d1e6dfc709"
  integrity sha512-9AhT0WW81/8jYbRcAC6PRmuxXqNhJje8OYiulBQHbG1DTCcjAfz+6VQBke9BwTStzPq7d526+yyBKD17O3zlAA==
  dependencies:
    "@polkadot/rpc-core" "10.11.2"
    "@polkadot/types" "10.11.2"
    "@polkadot/types-codec" "10.11.2"
    "@polkadot/util" "^12.6.2"
    tslib "^2.6.2"

"@polkadot/rpc-core@10.11.2":
  version "10.11.2"
  resolved "https://registry.yarnpkg.com/@polkadot/rpc-core/-/rpc-core-10.11.2.tgz#a63ef288133d32abfeff8e80a94d3787e91e87be"
  integrity sha512-Ot0CFLWx8sZhLZog20WDuniPA01Bk2StNDsdAQgcFKPwZw6ShPaZQCHuKLQK6I6DodOrem9FXX7c1hvoKJP5Ww==
  dependencies:
    "@polkadot/rpc-augment" "10.11.2"
    "@polkadot/rpc-provider" "10.11.2"
    "@polkadot/types" "10.11.2"
    "@polkadot/util" "^12.6.2"
    rxjs "^7.8.1"
    tslib "^2.6.2"

"@polkadot/rpc-provider@10.11.2":
  version "10.11.2"
  resolved "https://registry.yarnpkg.com/@polkadot/rpc-provider/-/rpc-provider-10.11.2.tgz#b50a11d4baffa39519f786951e68d8c4953672a8"
  integrity sha512-he5jWMpDJp7e+vUzTZDzpkB7ps3H8psRally+/ZvZZScPvFEjfczT7I1WWY9h58s8+ImeVP/lkXjL9h/gUOt3Q==
  dependencies:
    "@polkadot/keyring" "^12.6.2"
    "@polkadot/types" "10.11.2"
    "@polkadot/types-support" "10.11.2"
    "@polkadot/util" "^12.6.2"
    "@polkadot/util-crypto" "^12.6.2"
    "@polkadot/x-fetch" "^12.6.2"
    "@polkadot/x-global" "^12.6.2"
    "@polkadot/x-ws" "^12.6.2"
    eventemitter3 "^5.0.1"
    mock-socket "^9.3.1"
    nock "^13.4.0"
    tslib "^2.6.2"
  optionalDependencies:
    "@substrate/connect" "0.7.35"

"@polkadot/types-augment@10.11.2":
  version "10.11.2"
  resolved "https://registry.yarnpkg.com/@polkadot/types-augment/-/types-augment-10.11.2.tgz#197b24f2c85c9ca483d5cb6d2acc06f42c707abd"
  integrity sha512-8eB8ew04wZiE5GnmFvEFW1euJWmF62SGxb1O+8wL3zoUtB9Xgo1vB6w6xbTrd+HLV6jNSeXXnbbF1BEUvi9cNg==
  dependencies:
    "@polkadot/types" "10.11.2"
    "@polkadot/types-codec" "10.11.2"
    "@polkadot/util" "^12.6.2"
    tslib "^2.6.2"

"@polkadot/types-codec@10.11.2":
  version "10.11.2"
  resolved "https://registry.yarnpkg.com/@polkadot/types-codec/-/types-codec-10.11.2.tgz#e4570f8c92ffad090fb1d04a94731979537ced33"
  integrity sha512-3xjOQL+LOOMzYqlgP9ROL0FQnzU8lGflgYewzau7AsDlFziSEtb49a9BpYo6zil4koC+QB8zQ9OHGFumG08T8w==
  dependencies:
    "@polkadot/util" "^12.6.2"
    "@polkadot/x-bigint" "^12.6.2"
    tslib "^2.6.2"

"@polkadot/types-create@10.11.2":
  version "10.11.2"
  resolved "https://registry.yarnpkg.com/@polkadot/types-create/-/types-create-10.11.2.tgz#dfd52cdde45619c90f42ec4c681bc5ec8d9e6f43"
  integrity sha512-SJt23NxYvefRxVZZm6mT9ed1pR6FDoIGQ3xUpbjhTLfU2wuhpKjekMVorYQ6z/gK2JLMu2kV92Ardsz+6GX5XQ==
  dependencies:
    "@polkadot/types-codec" "10.11.2"
    "@polkadot/util" "^12.6.2"
    tslib "^2.6.2"

"@polkadot/types-known@10.11.2":
  version "10.11.2"
  resolved "https://registry.yarnpkg.com/@polkadot/types-known/-/types-known-10.11.2.tgz#2ce647b0dd49dec07032547a53d7aa30208a825f"
  integrity sha512-kbEIX7NUQFxpDB0FFGNyXX/odY7jbp56RGD+Z4A731fW2xh/DgAQrI994xTzuh0c0EqPE26oQm3kATSpseqo9w==
  dependencies:
    "@polkadot/networks" "^12.6.2"
    "@polkadot/types" "10.11.2"
    "@polkadot/types-codec" "10.11.2"
    "@polkadot/types-create" "10.11.2"
    "@polkadot/util" "^12.6.2"
    tslib "^2.6.2"

"@polkadot/types-support@10.11.2":
  version "10.11.2"
  resolved "https://registry.yarnpkg.com/@polkadot/types-support/-/types-support-10.11.2.tgz#3ab2252688ea50dbb35055789d0b775b0f5a7b2f"
  integrity sha512-X11hoykFYv/3efg4coZy2hUOUc97JhjQMJLzDhHniFwGLlYU8MeLnPdCVGkXx0xDDjTo4/ptS1XpZ5HYcg+gRw==
  dependencies:
    "@polkadot/util" "^12.6.2"
    tslib "^2.6.2"

"@polkadot/types@10.11.2":
  version "10.11.2"
  resolved "https://registry.yarnpkg.com/@polkadot/types/-/types-10.11.2.tgz#3317b6fcee53bbfba7bf654413f93ccd742c478e"
  integrity sha512-d52j3xXni+C8GdYZVTSfu8ROAnzXFMlyRvXtor0PudUc8UQHOaC4+mYAkTBGA2gKdmL8MHSfRSbhcxHhsikY6Q==
  dependencies:
    "@polkadot/keyring" "^12.6.2"
    "@polkadot/types-augment" "10.11.2"
    "@polkadot/types-codec" "10.11.2"
    "@polkadot/types-create" "10.11.2"
    "@polkadot/util" "^12.6.2"
    "@polkadot/util-crypto" "^12.6.2"
    rxjs "^7.8.1"
    tslib "^2.6.2"

"@polkadot/util-crypto@12.6.2", "@polkadot/util-crypto@^12.6.2":
  version "12.6.2"
  resolved "https://registry.yarnpkg.com/@polkadot/util-crypto/-/util-crypto-12.6.2.tgz#d2d51010e8e8ca88951b7d864add797dad18bbfc"
  integrity sha512-FEWI/dJ7wDMNN1WOzZAjQoIcCP/3vz3wvAp5QQm+lOrzOLj0iDmaIGIcBkz8HVm3ErfSe/uKP0KS4jgV/ib+Mg==
  dependencies:
    "@noble/curves" "^1.3.0"
    "@noble/hashes" "^1.3.3"
    "@polkadot/networks" "12.6.2"
    "@polkadot/util" "12.6.2"
    "@polkadot/wasm-crypto" "^7.3.2"
    "@polkadot/wasm-util" "^7.3.2"
    "@polkadot/x-bigint" "12.6.2"
    "@polkadot/x-randomvalues" "12.6.2"
    "@scure/base" "^1.1.5"
    tslib "^2.6.2"

"@polkadot/util@12.6.2", "@polkadot/util@^12.6.2":
  version "12.6.2"
  resolved "https://registry.yarnpkg.com/@polkadot/util/-/util-12.6.2.tgz#9396eff491221e1f0fd28feac55fc16ecd61a8dc"
  integrity sha512-l8TubR7CLEY47240uki0TQzFvtnxFIO7uI/0GoWzpYD/O62EIAMRsuY01N4DuwgKq2ZWD59WhzsLYmA5K6ksdw==
  dependencies:
    "@polkadot/x-bigint" "12.6.2"
    "@polkadot/x-global" "12.6.2"
    "@polkadot/x-textdecoder" "12.6.2"
    "@polkadot/x-textencoder" "12.6.2"
    "@types/bn.js" "^5.1.5"
    bn.js "^5.2.1"
    tslib "^2.6.2"

"@polkadot/wasm-bridge@7.3.2":
  version "7.3.2"
  resolved "https://registry.yarnpkg.com/@polkadot/wasm-bridge/-/wasm-bridge-7.3.2.tgz#e1b01906b19e06cbca3d94f10f5666f2ae0baadc"
  integrity sha512-AJEXChcf/nKXd5Q/YLEV5dXQMle3UNT7jcXYmIffZAo/KI394a+/24PaISyQjoNC0fkzS1Q8T5pnGGHmXiVz2g==
  dependencies:
    "@polkadot/wasm-util" "7.3.2"
    tslib "^2.6.2"

"@polkadot/wasm-crypto-asmjs@7.3.2":
  version "7.3.2"
  resolved "https://registry.yarnpkg.com/@polkadot/wasm-crypto-asmjs/-/wasm-crypto-asmjs-7.3.2.tgz#c6d41bc4b48b5359d57a24ca3066d239f2d70a34"
  integrity sha512-QP5eiUqUFur/2UoF2KKKYJcesc71fXhQFLT3D4ZjG28Mfk2ZPI0QNRUfpcxVQmIUpV5USHg4geCBNuCYsMm20Q==
  dependencies:
    tslib "^2.6.2"

"@polkadot/wasm-crypto-init@7.3.2":
  version "7.3.2"
  resolved "https://registry.yarnpkg.com/@polkadot/wasm-crypto-init/-/wasm-crypto-init-7.3.2.tgz#7e1fe79ba978fb0a4a0f74a92d976299d38bc4b8"
  integrity sha512-FPq73zGmvZtnuJaFV44brze3Lkrki3b4PebxCy9Fplw8nTmisKo9Xxtfew08r0njyYh+uiJRAxPCXadkC9sc8g==
  dependencies:
    "@polkadot/wasm-bridge" "7.3.2"
    "@polkadot/wasm-crypto-asmjs" "7.3.2"
    "@polkadot/wasm-crypto-wasm" "7.3.2"
    "@polkadot/wasm-util" "7.3.2"
    tslib "^2.6.2"

"@polkadot/wasm-crypto-wasm@7.3.2":
  version "7.3.2"
  resolved "https://registry.yarnpkg.com/@polkadot/wasm-crypto-wasm/-/wasm-crypto-wasm-7.3.2.tgz#44e08ed5cf6499ce4a3aa7247071a5d01f6a74f4"
  integrity sha512-15wd0EMv9IXs5Abp1ZKpKKAVyZPhATIAHfKsyoWCEFDLSOA0/K0QGOxzrAlsrdUkiKZOq7uzSIgIDgW8okx2Mw==
  dependencies:
    "@polkadot/wasm-util" "7.3.2"
    tslib "^2.6.2"

"@polkadot/wasm-crypto@^7.3.2":
  version "7.3.2"
  resolved "https://registry.yarnpkg.com/@polkadot/wasm-crypto/-/wasm-crypto-7.3.2.tgz#61bbcd9e591500705c8c591e6aff7654bdc8afc9"
  integrity sha512-+neIDLSJ6jjVXsjyZ5oLSv16oIpwp+PxFqTUaZdZDoA2EyFRQB8pP7+qLsMNk+WJuhuJ4qXil/7XiOnZYZ+wxw==
  dependencies:
    "@polkadot/wasm-bridge" "7.3.2"
    "@polkadot/wasm-crypto-asmjs" "7.3.2"
    "@polkadot/wasm-crypto-init" "7.3.2"
    "@polkadot/wasm-crypto-wasm" "7.3.2"
    "@polkadot/wasm-util" "7.3.2"
    tslib "^2.6.2"

"@polkadot/wasm-util@7.3.2", "@polkadot/wasm-util@^7.3.2":
  version "7.3.2"
  resolved "https://registry.yarnpkg.com/@polkadot/wasm-util/-/wasm-util-7.3.2.tgz#4fe6370d2b029679b41a5c02cd7ebf42f9b28de1"
  integrity sha512-bmD+Dxo1lTZyZNxbyPE380wd82QsX+43mgCm40boyKrRppXEyQmWT98v/Poc7chLuskYb6X8IQ6lvvK2bGR4Tg==
  dependencies:
    tslib "^2.6.2"

"@polkadot/x-bigint@12.6.2", "@polkadot/x-bigint@^12.6.2":
  version "12.6.2"
  resolved "https://registry.yarnpkg.com/@polkadot/x-bigint/-/x-bigint-12.6.2.tgz#59b7a615f205ae65e1ac67194aefde94d3344580"
  integrity sha512-HSIk60uFPX4GOFZSnIF7VYJz7WZA7tpFJsne7SzxOooRwMTWEtw3fUpFy5cYYOeLh17/kHH1Y7SVcuxzVLc74Q==
  dependencies:
    "@polkadot/x-global" "12.6.2"
    tslib "^2.6.2"

"@polkadot/x-fetch@^12.6.2":
  version "12.6.2"
  resolved "https://registry.yarnpkg.com/@polkadot/x-fetch/-/x-fetch-12.6.2.tgz#b1bca028db90263bafbad2636c18d838d842d439"
  integrity sha512-8wM/Z9JJPWN1pzSpU7XxTI1ldj/AfC8hKioBlUahZ8gUiJaOF7K9XEFCrCDLis/A1BoOu7Ne6WMx/vsJJIbDWw==
  dependencies:
    "@polkadot/x-global" "12.6.2"
    node-fetch "^3.3.2"
    tslib "^2.6.2"

"@polkadot/x-global@12.6.2", "@polkadot/x-global@^12.6.2":
  version "12.6.2"
  resolved "https://registry.yarnpkg.com/@polkadot/x-global/-/x-global-12.6.2.tgz#31d4de1c3d4c44e4be3219555a6d91091decc4ec"
  integrity sha512-a8d6m+PW98jmsYDtAWp88qS4dl8DyqUBsd0S+WgyfSMtpEXu6v9nXDgPZgwF5xdDvXhm+P0ZfVkVTnIGrScb5g==
  dependencies:
    tslib "^2.6.2"

"@polkadot/x-randomvalues@12.6.2":
  version "12.6.2"
  resolved "https://registry.yarnpkg.com/@polkadot/x-randomvalues/-/x-randomvalues-12.6.2.tgz#13fe3619368b8bf5cb73781554859b5ff9d900a2"
  integrity sha512-Vr8uG7rH2IcNJwtyf5ebdODMcr0XjoCpUbI91Zv6AlKVYOGKZlKLYJHIwpTaKKB+7KPWyQrk4Mlym/rS7v9feg==
  dependencies:
    "@polkadot/x-global" "12.6.2"
    tslib "^2.6.2"

"@polkadot/x-textdecoder@12.6.2":
  version "12.6.2"
  resolved "https://registry.yarnpkg.com/@polkadot/x-textdecoder/-/x-textdecoder-12.6.2.tgz#b86da0f8e8178f1ca31a7158257e92aea90b10e4"
  integrity sha512-M1Bir7tYvNappfpFWXOJcnxUhBUFWkUFIdJSyH0zs5LmFtFdbKAeiDXxSp2Swp5ddOZdZgPac294/o2TnQKN1w==
  dependencies:
    "@polkadot/x-global" "12.6.2"
    tslib "^2.6.2"

"@polkadot/x-textencoder@12.6.2":
  version "12.6.2"
  resolved "https://registry.yarnpkg.com/@polkadot/x-textencoder/-/x-textencoder-12.6.2.tgz#81d23bd904a2c36137a395c865c5fefa21abfb44"
  integrity sha512-4N+3UVCpI489tUJ6cv3uf0PjOHvgGp9Dl+SZRLgFGt9mvxnvpW/7+XBADRMtlG4xi5gaRK7bgl5bmY6OMDsNdw==
  dependencies:
    "@polkadot/x-global" "12.6.2"
    tslib "^2.6.2"

"@polkadot/x-ws@^12.6.2":
  version "12.6.2"
  resolved "https://registry.yarnpkg.com/@polkadot/x-ws/-/x-ws-12.6.2.tgz#b99094d8e53a03be1de903d13ba59adaaabc767a"
  integrity sha512-cGZWo7K5eRRQCRl2LrcyCYsrc3lRbTlixZh3AzgU8uX4wASVGRlNWi/Hf4TtHNe1ExCDmxabJzdIsABIfrr7xw==
  dependencies:
    "@polkadot/x-global" "12.6.2"
    tslib "^2.6.2"
    ws "^8.15.1"

"@scure/base@^1.1.5":
  version "1.1.5"
  resolved "https://registry.yarnpkg.com/@scure/base/-/base-1.1.5.tgz#1d85d17269fe97694b9c592552dd9e5e33552157"
  integrity sha512-Brj9FiG2W1MRQSTB212YVPRrcbjkv48FoZi/u4l/zds/ieRrqsh7aUf6CLwkAq61oKXr/ZlTzlY66gLIj3TFTQ==

"@substrate/connect-extension-protocol@^1.0.1":
  version "1.0.1"
  resolved "https://registry.yarnpkg.com/@substrate/connect-extension-protocol/-/connect-extension-protocol-1.0.1.tgz#fa5738039586c648013caa6a0c95c43265dbe77d"
  integrity sha512-161JhCC1csjH3GE5mPLEd7HbWtwNSPJBg3p1Ksz9SFlTzj/bgEwudiRN2y5i0MoLGCIJRYKyKGMxVnd29PzNjg==

"@substrate/connect@0.7.35":
  version "0.7.35"
  resolved "https://registry.yarnpkg.com/@substrate/connect/-/connect-0.7.35.tgz#853d8ff50717a8c9ee8f219d11a86e61a54b88b8"
  integrity sha512-Io8vkalbwaye+7yXfG1Nj52tOOoJln2bMlc7Q9Yy3vEWqZEVkgKmcPVzbwV0CWL3QD+KMPDA2Dnw/X7EdwgoLw==
  dependencies:
    "@substrate/connect-extension-protocol" "^1.0.1"
    smoldot "2.0.7"

"@substrate/ss58-registry@^1.44.0":
  version "1.46.0"
  resolved "https://registry.yarnpkg.com/@substrate/ss58-registry/-/ss58-registry-1.46.0.tgz#bfe3e6a30d39929f57ecc178acde4e74a773e2b6"
  integrity sha512-rBvWnlrBeFTd5LVG7oX3rOHzR16yqyffOFHKmUiVcblpXI3D89CXOvAljW9tWlA1H/2/FegaZnHPhdObPsvi+w==

"@tsconfig/node10@^1.0.7":
  version "1.0.8"
  resolved "https://registry.yarnpkg.com/@tsconfig/node10/-/node10-1.0.8.tgz#c1e4e80d6f964fbecb3359c43bd48b40f7cadad9"
  integrity sha512-6XFfSQmMgq0CFLY1MslA/CPUfhIL919M1rMsa5lP2P097N2Wd1sSX0tx1u4olM16fLNhtHZpRhedZJphNJqmZg==

"@tsconfig/node12@^1.0.7":
  version "1.0.9"
  resolved "https://registry.yarnpkg.com/@tsconfig/node12/-/node12-1.0.9.tgz#62c1f6dee2ebd9aead80dc3afa56810e58e1a04c"
  integrity sha512-/yBMcem+fbvhSREH+s14YJi18sp7J9jpuhYByADT2rypfajMZZN4WQ6zBGgBKp53NKmqI36wFYDb3yaMPurITw==

"@tsconfig/node14@^1.0.0":
  version "1.0.1"
  resolved "https://registry.yarnpkg.com/@tsconfig/node14/-/node14-1.0.1.tgz#95f2d167ffb9b8d2068b0b235302fafd4df711f2"
  integrity sha512-509r2+yARFfHHE7T6Puu2jjkoycftovhXRqW328PDXTVGKihlb1P8Z9mMZH04ebyajfRY7dedfGynlrFHJUQCg==

"@tsconfig/node16@^1.0.2":
  version "1.0.2"
  resolved "https://registry.yarnpkg.com/@tsconfig/node16/-/node16-1.0.2.tgz#423c77877d0569db20e1fc80885ac4118314010e"
  integrity sha512-eZxlbI8GZscaGS7kkc/trHTT5xgrjH3/1n2JDwusC9iahPKWMRvRjJSAN5mCXviuTGQ/lHnhvv8Q1YTpnfz9gA==

"@types/bn.js@^5.1.5":
  version "5.1.5"
  resolved "https://registry.yarnpkg.com/@types/bn.js/-/bn.js-5.1.5.tgz#2e0dacdcce2c0f16b905d20ff87aedbc6f7b4bf0"
  integrity sha512-V46N0zwKRF5Q00AZ6hWtN0T8gGmDUaUzLWQvHFo5yThtVwK/VCenFY3wXVbOvNfajEpsTfQM4IN9k/d6gUVX3A==
  dependencies:
    "@types/node" "*"

"@types/node@*":
  version "17.0.34"
  resolved "https://registry.yarnpkg.com/@types/node/-/node-17.0.34.tgz#3b0b6a50ff797280b8d000c6281d229f9c538cef"
  integrity sha512-XImEz7XwTvDBtzlTnm8YvMqGW/ErMWBsKZ+hMTvnDIjGCKxwK5Xpc+c/oQjOauwq8M4OS11hEkpjX8rrI/eEgA==

acorn-walk@^8.1.1:
  version "8.2.0"
  resolved "https://registry.yarnpkg.com/acorn-walk/-/acorn-walk-8.2.0.tgz#741210f2e2426454508853a2f44d0ab83b7f69c1"
  integrity sha512-k+iyHEuPgSw6SbuDpGQM+06HQUa04DZ3o+F6CSzXMvvI5KMvnaEqXe+YVe555R9nn6GPt404fos4wcgpw12SDA==

acorn@^8.4.1:
  version "8.7.1"
  resolved "https://registry.yarnpkg.com/acorn/-/acorn-8.7.1.tgz#0197122c843d1bf6d0a5e83220a788f278f63c30"
  integrity sha512-Xx54uLJQZ19lKygFXOWsscKUbsBZW0CPykPhVQdhIeIwrbPmJzqeASDInc8nKBnp/JT6igTs82qPXz069H8I/A==

ansi-regex@^5.0.1:
  version "5.0.1"
  resolved "https://registry.yarnpkg.com/ansi-regex/-/ansi-regex-5.0.1.tgz#082cb2c89c9fe8659a311a53bd6a4dc5301db304"
  integrity sha512-quJQXlTSUGL2LH9SUXo8VwsY4soanhgo6LNSm84E1LBcE8s3O0wpdiRzyR9z/ZZJMlMWv37qOOb9pdJlMUEKFQ==

ansi-styles@^4.0.0:
  version "4.3.0"
  resolved "https://registry.yarnpkg.com/ansi-styles/-/ansi-styles-4.3.0.tgz#edd803628ae71c04c85ae7a0906edad34b648937"
  integrity sha512-zbB9rCJAT1rbjiVDb2hqKFHNYLxgtk8NURxZ3IZwD3F6NtxbXZQCnnSi1Lkx+IDohdPlFp222wVALIheZJQSEg==
  dependencies:
    color-convert "^2.0.1"

arg@^4.1.0:
  version "4.1.3"
  resolved "https://registry.yarnpkg.com/arg/-/arg-4.1.3.tgz#269fc7ad5b8e42cb63c896d5666017261c144089"
  integrity sha512-58S9QDqG0Xx27YwPSt9fJxivjYl432YCwfDMfZ+71RAqUrZef7LrKQZ3LHLOwCS4FLNBplP533Zx895SeOCHvA==

bn.js@^5.2.1:
  version "5.2.1"
  resolved "https://registry.yarnpkg.com/bn.js/-/bn.js-5.2.1.tgz#0bc527a6a0d18d0aa8d5b0538ce4a77dccfa7b70"
  integrity sha512-eXRvHzWyYPBuB4NBy0cmYQjGitUrtqwbvlzP3G6VFnNRbsZQIxQ10PbKKHt8gZ/HW/D/747aDl+QkDqg3KQLMQ==

cliui@^7.0.2:
  version "7.0.4"
  resolved "https://registry.yarnpkg.com/cliui/-/cliui-7.0.4.tgz#a0265ee655476fc807aea9df3df8df7783808b4f"
  integrity sha512-OcRE68cOsVMXp1Yvonl/fzkQOyjLSu/8bhPDfQt0e0/Eb283TKP20Fs2MqoPsr9SwA595rRCA+QMzYc9nBP+JQ==
  dependencies:
    string-width "^4.2.0"
    strip-ansi "^6.0.0"
    wrap-ansi "^7.0.0"

color-convert@^2.0.1:
  version "2.0.1"
  resolved "https://registry.yarnpkg.com/color-convert/-/color-convert-2.0.1.tgz#72d3a68d598c9bdb3af2ad1e84f21d896abd4de3"
  integrity sha512-RRECPsj7iu/xb5oKYcsFHSppFNnsj/52OVTRKb4zP5onXwVF3zVmmToNcOfGC+CRDpfK/U584fMg38ZHCaElKQ==
  dependencies:
    color-name "~1.1.4"

color-name@~1.1.4:
  version "1.1.4"
  resolved "https://registry.yarnpkg.com/color-name/-/color-name-1.1.4.tgz#c2a09a87acbde69543de6f63fa3995c826c536a2"
  integrity sha512-dOy+3AuW3a2wNbZHIuMZpTcgjGuLU/uBL/ubcZF9OXbDo8ff4O8yVp5Bf0efS8uEoYo5q4Fx7dY9OgQGXgAsQA==

create-require@^1.1.0:
  version "1.1.1"
  resolved "https://registry.yarnpkg.com/create-require/-/create-require-1.1.1.tgz#c1d7e8f1e5f6cfc9ff65f9cd352d37348756c333"
  integrity sha512-dcKFX3jn0MpIaXjisoRvexIJVEKzaq7z2rZKxf+MSr9TkdmHmsU4m2lcLojrj/FHl8mk5VxMmYA+ftRkP/3oKQ==

data-uri-to-buffer@^4.0.0:
  version "4.0.0"
  resolved "https://registry.yarnpkg.com/data-uri-to-buffer/-/data-uri-to-buffer-4.0.0.tgz#b5db46aea50f6176428ac05b73be39a57701a64b"
  integrity sha512-Vr3mLBA8qWmcuschSLAOogKgQ/Jwxulv3RNE4FXnYWRGujzrRWQI4m12fQqRkwX06C0KanhLr4hK+GydchZsaA==

debug@^4.1.0:
  version "4.3.4"
  resolved "https://registry.yarnpkg.com/debug/-/debug-4.3.4.tgz#1319f6579357f2338d3337d2cdd4914bb5dcc865"
  integrity sha512-PRWFHuSU3eDtQJPvnNY7Jcket1j0t5OuOsFzPPzsekD52Zl8qUfFIPEiswXqIvHWGVHOgX+7G/vCNNhehwxfkQ==
  dependencies:
    ms "2.1.2"

diff@^4.0.1:
  version "4.0.2"
  resolved "https://registry.yarnpkg.com/diff/-/diff-4.0.2.tgz#60f3aecb89d5fae520c11aa19efc2bb982aade7d"
  integrity sha512-58lmxKSA4BNyLz+HHMUzlOEpg09FV+ev6ZMe3vJihgdxzgcwZ8VoEEPmALCZG9LmqfVoNMMKpttIYTVG6uDY7A==

emoji-regex@^8.0.0:
  version "8.0.0"
  resolved "https://registry.yarnpkg.com/emoji-regex/-/emoji-regex-8.0.0.tgz#e818fd69ce5ccfcb404594f842963bf53164cc37"
  integrity sha512-MSjYzcWNOA0ewAHpz0MxpYFvwg6yjy1NG3xteoqz644VCo/RPgnr1/GGt+ic3iJTzQ8Eu3TdM14SawnVUmGE6A==

escalade@^3.1.1:
  version "3.1.1"
  resolved "https://registry.yarnpkg.com/escalade/-/escalade-3.1.1.tgz#d8cfdc7000965c5a0174b4a82eaa5c0552742e40"
  integrity sha512-k0er2gUkLf8O0zKJiAhmkTnJlTvINGv7ygDNPbeIsX/TJjGJZHuh9B2UxbsaEkmlEo9MfhrSzmhIlhRlI2GXnw==

eventemitter3@^5.0.1:
  version "5.0.1"
  resolved "https://registry.yarnpkg.com/eventemitter3/-/eventemitter3-5.0.1.tgz#53f5ffd0a492ac800721bb42c66b841de96423c4"
  integrity sha512-GWkBvjiSZK87ELrYOSESUYeVIc9mvLLf/nXalMOS5dYrgZq9o5OVkbZAVM06CVxYsCwH9BDZFPlQTlPA1j4ahA==

fetch-blob@^3.1.2, fetch-blob@^3.1.4:
  version "3.2.0"
  resolved "https://registry.yarnpkg.com/fetch-blob/-/fetch-blob-3.2.0.tgz#f09b8d4bbd45adc6f0c20b7e787e793e309dcce9"
  integrity sha512-7yAQpD2UMJzLi1Dqv7qFYnPbaPx7ZfFK6PiIxQ4PfkGPyNyl2Ugx+a/umUonmKqjhM4DnfbMvdX6otXq83soQQ==
  dependencies:
    node-domexception "^1.0.0"
    web-streams-polyfill "^3.0.3"

formdata-polyfill@^4.0.10:
  version "4.0.10"
  resolved "https://registry.yarnpkg.com/formdata-polyfill/-/formdata-polyfill-4.0.10.tgz#24807c31c9d402e002ab3d8c720144ceb8848423"
  integrity sha512-buewHzMvYL29jdeQTVILecSaZKnt/RJWjoZCF5OW60Z67/GmSLBkOFM7qh1PI3zFNtJbaZL5eQu1vLfazOwj4g==
  dependencies:
    fetch-blob "^3.1.2"

get-caller-file@^2.0.5:
  version "2.0.5"
  resolved "https://registry.yarnpkg.com/get-caller-file/-/get-caller-file-2.0.5.tgz#4f94412a82db32f36e3b0b9741f8a97feb031f7e"
  integrity sha512-DyFP3BM/3YHTQOCUL/w0OZHR0lpKeGrxotcHWcqNEdnltqFwXVfhEBQ94eIo34AfQpo0rGki4cyIiftY06h2Fg==

is-fullwidth-code-point@^3.0.0:
  version "3.0.0"
  resolved "https://registry.yarnpkg.com/is-fullwidth-code-point/-/is-fullwidth-code-point-3.0.0.tgz#f116f8064fe90b3f7844a38997c0b75051269f1d"
  integrity sha512-zymm5+u+sCsSWyD9qNaejV3DFvhCKclKdizYaJUuHA83RLjb7nSuGnddCHGv0hk+KY7BMAlsWeK4Ueg6EV6XQg==

json-stringify-safe@^5.0.1:
  version "5.0.1"
  resolved "https://registry.yarnpkg.com/json-stringify-safe/-/json-stringify-safe-5.0.1.tgz#1296a2d58fd45f19a0f6ce01d65701e2c735b6eb"
  integrity sha1-Epai1Y/UXxmg9s4B1lcB4sc1tus=

make-error@^1.1.1:
  version "1.3.6"
  resolved "https://registry.yarnpkg.com/make-error/-/make-error-1.3.6.tgz#2eb2e37ea9b67c4891f684a1394799af484cf7a2"
  integrity sha512-s8UhlNe7vPKomQhC1qFelMokr/Sc3AgNbso3n74mVPA5LTZwkB9NlXf4XPamLxJE8h0gh73rM94xvwRT2CVInw==

mock-socket@^9.3.1:
  version "9.3.1"
  resolved "https://registry.yarnpkg.com/mock-socket/-/mock-socket-9.3.1.tgz#24fb00c2f573c84812aa4a24181bb025de80cc8e"
  integrity sha512-qxBgB7Qa2sEQgHFjj0dSigq7fX4k6Saisd5Nelwp2q8mlbAFh5dHV9JTTlF8viYJLSSWgMCZFUom8PJcMNBoJw==

ms@2.1.2:
  version "2.1.2"
  resolved "https://registry.yarnpkg.com/ms/-/ms-2.1.2.tgz#d09d1f357b443f493382a8eb3ccd183872ae6009"
  integrity sha512-sGkPx+VjMtmA6MX27oA4FBFELFCZZ4S4XqeGOXCv68tT+jb3vk/RyaKWP0PTKyWtmLSM0b+adUTEvbs1PEaH2w==

nock@^13.4.0:
  version "13.5.1"
  resolved "https://registry.yarnpkg.com/nock/-/nock-13.5.1.tgz#4e40f9877ad0d43b7cdb474261c190f3715dd806"
  integrity sha512-+s7b73fzj5KnxbKH4Oaqz07tQ8degcMilU4rrmnKvI//b0JMBU4wEXFQ8zqr+3+L4eWSfU3H/UoIVGUV0tue1Q==
  dependencies:
    debug "^4.1.0"
    json-stringify-safe "^5.0.1"
    propagate "^2.0.0"

node-domexception@^1.0.0:
  version "1.0.0"
  resolved "https://registry.yarnpkg.com/node-domexception/-/node-domexception-1.0.0.tgz#6888db46a1f71c0b76b3f7555016b63fe64766e5"
  integrity sha512-/jKZoMpw0F8GRwl4/eLROPA3cfcXtLApP0QzLmUT/HuPCZWyB7IY9ZrMeKw2O/nFIqPQB3PVM9aYm0F312AXDQ==

node-fetch@^3.3.2:
  version "3.3.2"
  resolved "https://registry.yarnpkg.com/node-fetch/-/node-fetch-3.3.2.tgz#d1e889bacdf733b4ff3b2b243eb7a12866a0b78b"
  integrity sha512-dRB78srN/l6gqWulah9SrxeYnxeddIG30+GOqK/9OlLVyLg3HPnr6SqOWTWOXKRwC2eGYCkZ59NNuSgvSrpgOA==
  dependencies:
    data-uri-to-buffer "^4.0.0"
    fetch-blob "^3.1.4"
    formdata-polyfill "^4.0.10"

propagate@^2.0.0:
  version "2.0.1"
  resolved "https://registry.yarnpkg.com/propagate/-/propagate-2.0.1.tgz#40cdedab18085c792334e64f0ac17256d38f9a45"
  integrity sha512-vGrhOavPSTz4QVNuBNdcNXePNdNMaO1xj9yBeH1ScQPjk/rhg9sSlCXPhMkFuaNNW/syTvYqsnbIJxMBfRbbag==

require-directory@^2.1.1:
  version "2.1.1"
  resolved "https://registry.yarnpkg.com/require-directory/-/require-directory-2.1.1.tgz#8c64ad5fd30dab1c976e2344ffe7f792a6a6df42"
  integrity sha1-jGStX9MNqxyXbiNE/+f3kqam30I=

rxjs@^7.8.1:
  version "7.8.1"
  resolved "https://registry.yarnpkg.com/rxjs/-/rxjs-7.8.1.tgz#6f6f3d99ea8044291efd92e7c7fcf562c4057543"
  integrity sha512-AA3TVj+0A2iuIoQkWEK/tqFjBq2j+6PO6Y0zJcvzLAFhEFIO3HL0vls9hWLncZbAAbK0mar7oZ4V079I/qPMxg==
  dependencies:
    tslib "^2.1.0"

smoldot@2.0.7:
  version "2.0.7"
  resolved "https://registry.yarnpkg.com/smoldot/-/smoldot-2.0.7.tgz#407efd6bbb82a074612db4d056d631d8d615f442"
  integrity sha512-VAOBqEen6vises36/zgrmAT1GWk2qE3X8AGnO7lmQFdskbKx8EovnwS22rtPAG+Y1Rk23/S22kDJUdPANyPkBA==
  dependencies:
    ws "^8.8.1"

string-width@^4.1.0, string-width@^4.2.0, string-width@^4.2.3:
  version "4.2.3"
  resolved "https://registry.yarnpkg.com/string-width/-/string-width-4.2.3.tgz#269c7117d27b05ad2e536830a8ec895ef9c6d010"
  integrity sha512-wKyQRQpjJ0sIp62ErSZdGsjMJWsap5oRNihHhu6G7JVO/9jIB6UyevL+tXuOqrng8j/cxKTWyWUwvSTriiZz/g==
  dependencies:
    emoji-regex "^8.0.0"
    is-fullwidth-code-point "^3.0.0"
    strip-ansi "^6.0.1"

strip-ansi@^6.0.0, strip-ansi@^6.0.1:
  version "6.0.1"
  resolved "https://registry.yarnpkg.com/strip-ansi/-/strip-ansi-6.0.1.tgz#9e26c63d30f53443e9489495b2105d37b67a85d9"
  integrity sha512-Y38VPSHcqkFrCpFnQ9vuSXmquuv5oXOKpGeT6aGrr3o3Gc9AlVa6JBfUSOCnbxGGZF+/0ooI7KrPuUSztUdU5A==
  dependencies:
    ansi-regex "^5.0.1"

ts-node@^10.4.0:
  version "10.7.0"
  resolved "https://registry.yarnpkg.com/ts-node/-/ts-node-10.7.0.tgz#35d503d0fab3e2baa672a0e94f4b40653c2463f5"
  integrity sha512-TbIGS4xgJoX2i3do417KSaep1uRAW/Lu+WAL2doDHC0D6ummjirVOXU5/7aiZotbQ5p1Zp9tP7U6cYhA0O7M8A==
  dependencies:
    "@cspotcode/source-map-support" "0.7.0"
    "@tsconfig/node10" "^1.0.7"
    "@tsconfig/node12" "^1.0.7"
    "@tsconfig/node14" "^1.0.0"
    "@tsconfig/node16" "^1.0.2"
    acorn "^8.4.1"
    acorn-walk "^8.1.1"
    arg "^4.1.0"
    create-require "^1.1.0"
    diff "^4.0.1"
    make-error "^1.1.1"
    v8-compile-cache-lib "^3.0.0"
    yn "3.1.1"

tslib@^2.1.0:
  version "2.4.0"
  resolved "https://registry.yarnpkg.com/tslib/-/tslib-2.4.0.tgz#7cecaa7f073ce680a05847aa77be941098f36dc3"
  integrity sha512-d6xOpEDfsi2CZVlPQzGeux8XMwLT9hssAsaPYExaQMuYskwb+x1x7J371tWlbBdWHroy99KnVB6qIkUbs5X3UQ==

tslib@^2.6.2:
  version "2.6.2"
  resolved "https://registry.yarnpkg.com/tslib/-/tslib-2.6.2.tgz#703ac29425e7b37cd6fd456e92404d46d1f3e4ae"
  integrity sha512-AEYxH93jGFPn/a2iVAwW87VuUIkR1FVUKB77NwMF7nBTDkDrrT/Hpt/IrCJ0QXhW27jTBDcf5ZY7w6RiqTMw2Q==

typescript@^4.5.4:
  version "4.6.4"
  resolved "https://registry.yarnpkg.com/typescript/-/typescript-4.6.4.tgz#caa78bbc3a59e6a5c510d35703f6a09877ce45e9"
  integrity sha512-9ia/jWHIEbo49HfjrLGfKbZSuWo9iTMwXO+Ca3pRsSpbsMbc7/IU8NKdCZVRRBafVPGnoJeFL76ZOAA84I9fEg==

v8-compile-cache-lib@^3.0.0:
  version "3.0.1"
  resolved "https://registry.yarnpkg.com/v8-compile-cache-lib/-/v8-compile-cache-lib-3.0.1.tgz#6336e8d71965cb3d35a1bbb7868445a7c05264bf"
  integrity sha512-wa7YjyUGfNZngI/vtK0UHAN+lgDCxBPCylVXGp0zu59Fz5aiGtNXaq3DhIov063MorB+VfufLh3JlF2KdTK3xg==

web-streams-polyfill@^3.0.3:
  version "3.2.1"
  resolved "https://registry.yarnpkg.com/web-streams-polyfill/-/web-streams-polyfill-3.2.1.tgz#71c2718c52b45fd49dbeee88634b3a60ceab42a6"
  integrity sha512-e0MO3wdXWKrLbL0DgGnUV7WHVuw9OUvL4hjgnPkIeEvESk74gAITi5G606JtZPp39cd8HA9VQzCIvA49LpPN5Q==

wrap-ansi@^7.0.0:
  version "7.0.0"
  resolved "https://registry.yarnpkg.com/wrap-ansi/-/wrap-ansi-7.0.0.tgz#67e145cff510a6a6984bdf1152911d69d2eb9e43"
  integrity sha512-YVGIj2kamLSTxw6NsZjoBxfSwsn0ycdesmc4p+Q21c5zPuZ1pl+NfxVdxPtdHvmNVOQ6XSYG4AUtyt/Fi7D16Q==
  dependencies:
    ansi-styles "^4.0.0"
    string-width "^4.1.0"
    strip-ansi "^6.0.0"

ws@^8.15.1, ws@^8.8.1:
  version "8.16.0"
  resolved "https://registry.yarnpkg.com/ws/-/ws-8.16.0.tgz#d1cd774f36fbc07165066a60e40323eab6446fd4"
  integrity sha512-HS0c//TP7Ina87TfiPUz1rQzMhHrl/SG2guqRcTOIUYD2q8uhUdNHZYJUaQ8aTGPzCh+c6oawMKW35nFl1dxyQ==

y18n@^5.0.5:
  version "5.0.8"
  resolved "https://registry.yarnpkg.com/y18n/-/y18n-5.0.8.tgz#7f4934d0f7ca8c56f95314939ddcd2dd91ce1d55"
  integrity sha512-0pfFzegeDWJHJIAmTLRP2DwHjdF5s7jo9tuztdQxAhINCdvS+3nGINqPd00AphqJR/0LhANUS6/+7SCb98YOfA==

yargs-parser@^21.0.0:
  version "21.0.1"
  resolved "https://registry.yarnpkg.com/yargs-parser/-/yargs-parser-21.0.1.tgz#0267f286c877a4f0f728fceb6f8a3e4cb95c6e35"
  integrity sha512-9BK1jFpLzJROCI5TzwZL/TU4gqjK5xiHV/RfWLOahrjAko/e4DJkRDZQXfvqAsiZzzYhgAzbgz6lg48jcm4GLg==

yargs@^17.3.1:
  version "17.5.1"
  resolved "https://registry.yarnpkg.com/yargs/-/yargs-17.5.1.tgz#e109900cab6fcb7fd44b1d8249166feb0b36e58e"
  integrity sha512-t6YAJcxDkNX7NFYiVtKvWUz8l+PaKTLiL63mJYWR2GnHq2gjEWISzsLp9wg3aY36dY1j+gfIEL3pIF+XlJJfbA==
  dependencies:
    cliui "^7.0.2"
    escalade "^3.1.1"
    get-caller-file "^2.0.5"
    require-directory "^2.1.1"
    string-width "^4.2.3"
    y18n "^5.0.5"
    yargs-parser "^21.0.0"

yn@3.1.1:
  version "3.1.1"
  resolved "https://registry.yarnpkg.com/yn/-/yn-3.1.1.tgz#1e87401a09d767c1d5eab26a6e4c185182d2eb50"
  integrity sha512-Ux4ygGWsu2c7isFWe8Yu1YluJmqVhxqK2cLXNQA5AcC3QfbGNpM7fu0Y8b/z16pXLnFxZYvWhd3fhBY9DLmC6Q==
